// !$*UTF8*$!
{
	archiveVersion = 1;
	classes = {
	};
	objectVersion = 56;
	objects = {

/* Begin PBXBuildFile section */
		E412AA8D2D2A90F50082E260 /* LoadingOverlay.swift in Sources */ = {isa = PBXBuildFile; fileRef = E412AA8C2D2A90F50082E260 /* LoadingOverlay.swift */; };
		E412AA902D2AA6B30082E260 /* ParkingDetailsSheetView.swift in Sources */ = {isa = PBXBuildFile; fileRef = E412AA8F2D2AA6B20082E260 /* ParkingDetailsSheetView.swift */; };
		E412AA932D2AB9340082E260 /* MakeRow.swift in Sources */ = {isa = PBXBuildFile; fileRef = E412AA922D2AB9340082E260 /* MakeRow.swift */; };
		E42352FE2D26C99F003E28D8 /* SplashView.swift in Sources */ = {isa = PBXBuildFile; fileRef = E42352FD2D26C99F003E28D8 /* SplashView.swift */; };
		E42353022D26C9FD003E28D8 /* PrimaryButton.swift in Sources */ = {isa = PBXBuildFile; fileRef = E42353012D26C9FD003E28D8 /* PrimaryButton.swift */; };
		E42353042D26CA72003E28D8 /* MainView.swift in Sources */ = {isa = PBXBuildFile; fileRef = E42353032D26CA72003E28D8 /* MainView.swift */; };
		E42353062D27BE4F003E28D8 /* ParkingDetailsView.swift in Sources */ = {isa = PBXBuildFile; fileRef = E42353052D27BE4F003E28D8 /* ParkingDetailsView.swift */; };
		E423530A2D27CC97003E28D8 /* ParkingSearchView.swift in Sources */ = {isa = PBXBuildFile; fileRef = E42353092D27CC97003E28D8 /* ParkingSearchView.swift */; };
		E423530D2D282579003E28D8 /* URLOpener.swift in Sources */ = {isa = PBXBuildFile; fileRef = E423530C2D282579003E28D8 /* URLOpener.swift */; };
		E47090772D22FF48005C3F43 /* ParkAroundApp.swift in Sources */ = {isa = PBXBuildFile; fileRef = E47090762D22FF48005C3F43 /* ParkAroundApp.swift */; };
		E470907B2D22FF4A005C3F43 /* Assets.xcassets in Resources */ = {isa = PBXBuildFile; fileRef = E470907A2D22FF4A005C3F43 /* Assets.xcassets */; };
		E470907E2D22FF4A005C3F43 /* Preview Assets.xcassets in Resources */ = {isa = PBXBuildFile; fileRef = E470907D2D22FF4A005C3F43 /* Preview Assets.xcassets */; };
		E47090882D22FF4A005C3F43 /* ParkAroundTests.swift in Sources */ = {isa = PBXBuildFile; fileRef = E47090872D22FF4A005C3F43 /* ParkAroundTests.swift */; };
		E47090922D22FF4A005C3F43 /* ParkAroundUITests.swift in Sources */ = {isa = PBXBuildFile; fileRef = E47090912D22FF4A005C3F43 /* ParkAroundUITests.swift */; };
		E47090942D22FF4A005C3F43 /* ParkAroundUITestsLaunchTests.swift in Sources */ = {isa = PBXBuildFile; fileRef = E47090932D22FF4A005C3F43 /* ParkAroundUITestsLaunchTests.swift */; };
		E47090B82D230160005C3F43 /* ApplicationService.swift in Sources */ = {isa = PBXBuildFile; fileRef = E47090B72D230160005C3F43 /* ApplicationService.swift */; };
		E47090C32D2302BF005C3F43 /* AppComponent.swift in Sources */ = {isa = PBXBuildFile; fileRef = E47090C22D2302BF005C3F43 /* AppComponent.swift */; };
		E47090C52D2302D3005C3F43 /* AppCoordinator.swift in Sources */ = {isa = PBXBuildFile; fileRef = E47090C42D2302D3005C3F43 /* AppCoordinator.swift */; };
		E47090C72D2302DA005C3F43 /* AppCoordinatorView.swift in Sources */ = {isa = PBXBuildFile; fileRef = E47090C62D2302DA005C3F43 /* AppCoordinatorView.swift */; };
		E47090CD2D230346005C3F43 /* LocationManager.swift in Sources */ = {isa = PBXBuildFile; fileRef = E47090CC2D230346005C3F43 /* LocationManager.swift */; };
		E47090D12D23036C005C3F43 /* LocationManagerProtocol.swift in Sources */ = {isa = PBXBuildFile; fileRef = E47090D02D23036C005C3F43 /* LocationManagerProtocol.swift */; };
		E47090D62D2303AF005C3F43 /* HTTPFields.swift in Sources */ = {isa = PBXBuildFile; fileRef = E47090D52D2303AF005C3F43 /* HTTPFields.swift */; };
		E47090D82D2303BB005C3F43 /* NetworkError.swift in Sources */ = {isa = PBXBuildFile; fileRef = E47090D72D2303BA005C3F43 /* NetworkError.swift */; };
		E47090DA2D2303CB005C3F43 /* NetworkClient.swift in Sources */ = {isa = PBXBuildFile; fileRef = E47090D92D2303CB005C3F43 /* NetworkClient.swift */; };
		E47090DC2D2303D5005C3F43 /* NetworkClientProtocol.swift in Sources */ = {isa = PBXBuildFile; fileRef = E47090DB2D2303D5005C3F43 /* NetworkClientProtocol.swift */; };
		E47090E52D2313AD005C3F43 /* DesignTokens.swift in Sources */ = {isa = PBXBuildFile; fileRef = E47090E42D2313AD005C3F43 /* DesignTokens.swift */; };
		E47090F02D232F4F005C3F43 /* LocationManagerMock.swift in Sources */ = {isa = PBXBuildFile; fileRef = E47090EF2D232F4F005C3F43 /* LocationManagerMock.swift */; };
		E47090F22D233779005C3F43 /* ApplicationServiceMock.swift in Sources */ = {isa = PBXBuildFile; fileRef = E47090F12D233779005C3F43 /* ApplicationServiceMock.swift */; };
		E47090F42D2337CE005C3F43 /* NetworkClientMock.swift in Sources */ = {isa = PBXBuildFile; fileRef = E47090F32D2337CE005C3F43 /* NetworkClientMock.swift */; };
		E47090FA2D239C42005C3F43 /* Stubable.swift in Sources */ = {isa = PBXBuildFile; fileRef = E47090F92D239C42005C3F43 /* Stubable.swift */; };
		E47091082D239EF5005C3F43 /* APIService.swift in Sources */ = {isa = PBXBuildFile; fileRef = E47091072D239EF5005C3F43 /* APIService.swift */; };
		E470910A2D239F00005C3F43 /* APIServiceProtocol.swift in Sources */ = {isa = PBXBuildFile; fileRef = E47091092D239F00005C3F43 /* APIServiceProtocol.swift */; };
		E470910C2D239F7B005C3F43 /* ApiRequest.swift in Sources */ = {isa = PBXBuildFile; fileRef = E470910B2D239F7B005C3F43 /* ApiRequest.swift */; };
		E470910E2D23A7BB005C3F43 /* NearbyParkingSpotsRequest.swift in Sources */ = {isa = PBXBuildFile; fileRef = E470910D2D23A7BB005C3F43 /* NearbyParkingSpotsRequest.swift */; };
		E47091102D23AAE5005C3F43 /* ParkingService.swift in Sources */ = {isa = PBXBuildFile; fileRef = E470910F2D23AAE5005C3F43 /* ParkingService.swift */; };
		E47091122D23AAF2005C3F43 /* ParkingServiceProtocol.swift in Sources */ = {isa = PBXBuildFile; fileRef = E47091112D23AAF2005C3F43 /* ParkingServiceProtocol.swift */; };
		E47091142D23AC4C005C3F43 /* ParkingRepository.swift in Sources */ = {isa = PBXBuildFile; fileRef = E47091132D23AC4C005C3F43 /* ParkingRepository.swift */; };
		E47091162D23AC57005C3F43 /* ParkingRepositoryProtocol.swift in Sources */ = {isa = PBXBuildFile; fileRef = E47091152D23AC57005C3F43 /* ParkingRepositoryProtocol.swift */; };
		E47091182D23ACA6005C3F43 /* ParkingDetailsDTO.swift in Sources */ = {isa = PBXBuildFile; fileRef = E47091172D23ACA6005C3F43 /* ParkingDetailsDTO.swift */; };
		E470911B2D23ADF3005C3F43 /* ParkingDetails.swift in Sources */ = {isa = PBXBuildFile; fileRef = E470911A2D23ADF3005C3F43 /* ParkingDetails.swift */; };
		E470911E2D23AEBD005C3F43 /* ParkingDetailsMapper.swift in Sources */ = {isa = PBXBuildFile; fileRef = E470911D2D23AEBD005C3F43 /* ParkingDetailsMapper.swift */; };
		E47091202D23AFF8005C3F43 /* ErrorStub.swift in Sources */ = {isa = PBXBuildFile; fileRef = E470911F2D23AFF8005C3F43 /* ErrorStub.swift */; };
		E47091222D23B01C005C3F43 /* ParkingRepositorySpy.swift in Sources */ = {isa = PBXBuildFile; fileRef = E47091212D23B01C005C3F43 /* ParkingRepositorySpy.swift */; };
		E47091242D23B1D7005C3F43 /* ParkingDetailsDTOStub.swift in Sources */ = {isa = PBXBuildFile; fileRef = E47091232D23B1D7005C3F43 /* ParkingDetailsDTOStub.swift */; };
		E47091282D23B30F005C3F43 /* ParkingServiceSpy.swift in Sources */ = {isa = PBXBuildFile; fileRef = E47091272D23B30F005C3F43 /* ParkingServiceSpy.swift */; };
		E470912F2D23B9B1005C3F43 /* ParkingDetailsMapperTests.swift in Sources */ = {isa = PBXBuildFile; fileRef = E470912E2D23B9B1005C3F43 /* ParkingDetailsMapperTests.swift */; };
		E47091322D23BB5D005C3F43 /* ParkingRepositoryTests.swift in Sources */ = {isa = PBXBuildFile; fileRef = E47091312D23BB5D005C3F43 /* ParkingRepositoryTests.swift */; };
		E47091352D23BB74005C3F43 /* ParkingServiceTests.swift in Sources */ = {isa = PBXBuildFile; fileRef = E47091342D23BB74005C3F43 /* ParkingServiceTests.swift */; };
		E470913E2D23C888005C3F43 /* APIServiceSpy.swift in Sources */ = {isa = PBXBuildFile; fileRef = E470913D2D23C888005C3F43 /* APIServiceSpy.swift */; };
		E47091412D23CCDF005C3F43 /* ParkingStatus.swift in Sources */ = {isa = PBXBuildFile; fileRef = E47091402D23CCDF005C3F43 /* ParkingStatus.swift */; };
		E47091442D23CD52005C3F43 /* ParkingDetailsStub.swift in Sources */ = {isa = PBXBuildFile; fileRef = E47091432D23CD52005C3F43 /* ParkingDetailsStub.swift */; };
		E47091482D23CE05005C3F43 /* ParkingCoordinator.swift in Sources */ = {isa = PBXBuildFile; fileRef = E47091472D23CE05005C3F43 /* ParkingCoordinator.swift */; };
		E470914D2D23F609005C3F43 /* GeoLocation.swift in Sources */ = {isa = PBXBuildFile; fileRef = E470914C2D23F609005C3F43 /* GeoLocation.swift */; };
		E470914F2D23F63D005C3F43 /* GeoLocationStub.swift in Sources */ = {isa = PBXBuildFile; fileRef = E470914E2D23F63D005C3F43 /* GeoLocationStub.swift */; };
		E4807A722D2ACC5000FA2CC2 /* AlertManagerProtocol.swift in Sources */ = {isa = PBXBuildFile; fileRef = E4807A712D2ACC5000FA2CC2 /* AlertManagerProtocol.swift */; };
		E4807A742D2ACC5600FA2CC2 /* AlertManager.swift in Sources */ = {isa = PBXBuildFile; fileRef = E4807A732D2ACC5600FA2CC2 /* AlertManager.swift */; };
		E4807A762D2ACD7A00FA2CC2 /* AlertManagerMock.swift in Sources */ = {isa = PBXBuildFile; fileRef = E4807A752D2ACD7A00FA2CC2 /* AlertManagerMock.swift */; };
		E4807A792D2ACE2E00FA2CC2 /* AlertWrapperView.swift in Sources */ = {isa = PBXBuildFile; fileRef = E4807A782D2ACE2E00FA2CC2 /* AlertWrapperView.swift */; };
		E4807A7B2D2ACFFB00FA2CC2 /* AlertManagerTest.swift in Sources */ = {isa = PBXBuildFile; fileRef = E4807A7A2D2ACFFB00FA2CC2 /* AlertManagerTest.swift */; };
		E4807A7D2D2AD8E800FA2CC2 /* AlertContent.swift in Sources */ = {isa = PBXBuildFile; fileRef = E4807A7C2D2AD8E800FA2CC2 /* AlertContent.swift */; };
		E4807A7F2D2AD92D00FA2CC2 /* AlertContentStub.swift in Sources */ = {isa = PBXBuildFile; fileRef = E4807A7E2D2AD92D00FA2CC2 /* AlertContentStub.swift */; };
		E4807A812D2ADEFC00FA2CC2 /* NetworkMointor.swift in Sources */ = {isa = PBXBuildFile; fileRef = E4807A802D2ADEFC00FA2CC2 /* NetworkMointor.swift */; };
		E4C4CC572D2918FB004EA2FF /* URLOpenerSpy.swift in Sources */ = {isa = PBXBuildFile; fileRef = E4C4CC562D2918FB004EA2FF /* URLOpenerSpy.swift */; };
		E4C4CC5B2D2929F8004EA2FF /* TimeSlotsView.swift in Sources */ = {isa = PBXBuildFile; fileRef = E4C4CC5A2D2929F8004EA2FF /* TimeSlotsView.swift */; };
		E4C4CC5D2D293D76004EA2FF /* InlineButton.swift in Sources */ = {isa = PBXBuildFile; fileRef = E4C4CC5C2D293D76004EA2FF /* InlineButton.swift */; };
		E4C4CC5F2D29806B004EA2FF /* ParkingDetailsViewModel.swift in Sources */ = {isa = PBXBuildFile; fileRef = E4C4CC5E2D29806B004EA2FF /* ParkingDetailsViewModel.swift */; };
		E4C4CC612D29807D004EA2FF /* ParkingDetailsViewModelProtocol.swift in Sources */ = {isa = PBXBuildFile; fileRef = E4C4CC602D29807D004EA2FF /* ParkingDetailsViewModelProtocol.swift */; };
		E4C4CC632D298356004EA2FF /* PaymentRepository.swift in Sources */ = {isa = PBXBuildFile; fileRef = E4C4CC622D298356004EA2FF /* PaymentRepository.swift */; };
		E4C4CC652D298363004EA2FF /* PaymentRepositoryProtocol.swift in Sources */ = {isa = PBXBuildFile; fileRef = E4C4CC642D298363004EA2FF /* PaymentRepositoryProtocol.swift */; };
		E4C4CC6D2D299EA9004EA2FF /* ActiveSessionManager.swift in Sources */ = {isa = PBXBuildFile; fileRef = E4C4CC6C2D299EA9004EA2FF /* ActiveSessionManager.swift */; };
		E4C4CC6F2D299F09004EA2FF /* ActiveSessionManagerProtocol.swift in Sources */ = {isa = PBXBuildFile; fileRef = E4C4CC6E2D299F09004EA2FF /* ActiveSessionManagerProtocol.swift */; };
		E4C4CC722D29A3A3004EA2FF /* ParkingReservation.swift in Sources */ = {isa = PBXBuildFile; fileRef = E4C4CC712D29A3A3004EA2FF /* ParkingReservation.swift */; };
		E4C4CC752D29A4DE004EA2FF /* PersistenceController.swift in Sources */ = {isa = PBXBuildFile; fileRef = E4C4CC742D29A4DE004EA2FF /* PersistenceController.swift */; };
		E4C4CC772D29A78E004EA2FF /* ReservationsHistoryViewModel.swift in Sources */ = {isa = PBXBuildFile; fileRef = E4C4CC762D29A78E004EA2FF /* ReservationsHistoryViewModel.swift */; };
		E4C4CC792D29A799004EA2FF /* ReservationsHistoryView.swift in Sources */ = {isa = PBXBuildFile; fileRef = E4C4CC782D29A799004EA2FF /* ReservationsHistoryView.swift */; };
		E4C4CC7B2D29A7B2004EA2FF /* ReservationsHistoryViewModelProtocol.swift in Sources */ = {isa = PBXBuildFile; fileRef = E4C4CC7A2D29A7B2004EA2FF /* ReservationsHistoryViewModelProtocol.swift */; };
		E4C4CCBB2D2A6023004EA2FF /* FavoriteParking.swift in Sources */ = {isa = PBXBuildFile; fileRef = E4C4CCBA2D2A6023004EA2FF /* FavoriteParking.swift */; };
		E4C4CCBD2D2A626C004EA2FF /* FavoriteParkingsView.swift in Sources */ = {isa = PBXBuildFile; fileRef = E4C4CCBC2D2A626C004EA2FF /* FavoriteParkingsView.swift */; };
		E4C4CCBF2D2A6278004EA2FF /* FavoriteParkingsViewModel.swift in Sources */ = {isa = PBXBuildFile; fileRef = E4C4CCBE2D2A6278004EA2FF /* FavoriteParkingsViewModel.swift */; };
		E4C4CCC12D2A6280004EA2FF /* FavoriteParkingsViewModelProtocol.swift in Sources */ = {isa = PBXBuildFile; fileRef = E4C4CCC02D2A6280004EA2FF /* FavoriteParkingsViewModelProtocol.swift */; };
		E4C4CCC32D2A66CC004EA2FF /* ParkingDetailsClass.swift in Sources */ = {isa = PBXBuildFile; fileRef = E4C4CCC22D2A66CC004EA2FF /* ParkingDetailsClass.swift */; };
		E4E2CDC92D2520F300ABC583 /* Routes.swift in Sources */ = {isa = PBXBuildFile; fileRef = E4E2CDC82D2520F200ABC583 /* Routes.swift */; };
		E4E2CDCB2D25275900ABC583 /* HomeCoordinator.swift in Sources */ = {isa = PBXBuildFile; fileRef = E4E2CDCA2D25275900ABC583 /* HomeCoordinator.swift */; };
		E4E2CDCD2D25276100ABC583 /* HomeCoordinatorView.swift in Sources */ = {isa = PBXBuildFile; fileRef = E4E2CDCC2D25276100ABC583 /* HomeCoordinatorView.swift */; };
		E4E2CDD02D252ED900ABC583 /* WelcomeView.swift in Sources */ = {isa = PBXBuildFile; fileRef = E4E2CDCF2D252ED900ABC583 /* WelcomeView.swift */; };
		E4E2CDD22D252F7400ABC583 /* WelcomeViewModel.swift in Sources */ = {isa = PBXBuildFile; fileRef = E4E2CDD12D252F7400ABC583 /* WelcomeViewModel.swift */; };
		E4E2CDD42D252F8100ABC583 /* WelcomeViewModelProtocol.swift in Sources */ = {isa = PBXBuildFile; fileRef = E4E2CDD32D252F8100ABC583 /* WelcomeViewModelProtocol.swift */; };
		E4E2CDD72D25346C00ABC583 /* LocationDisabledView.swift in Sources */ = {isa = PBXBuildFile; fileRef = E4E2CDD62D25346C00ABC583 /* LocationDisabledView.swift */; };
		E4E2CDD92D253C4900ABC583 /* ParkingSpotsMapView.swift in Sources */ = {isa = PBXBuildFile; fileRef = E4E2CDD82D253C4900ABC583 /* ParkingSpotsMapView.swift */; };
		E4E2CDDE2D253FD500ABC583 /* ParkingSpotsMapViewModel.swift in Sources */ = {isa = PBXBuildFile; fileRef = E4E2CDDD2D253FD500ABC583 /* ParkingSpotsMapViewModel.swift */; };
		E4E2CDE02D253FDD00ABC583 /* ParkingSpotsMapViewModelProtocol.swift in Sources */ = {isa = PBXBuildFile; fileRef = E4E2CDDF2D253FDD00ABC583 /* ParkingSpotsMapViewModelProtocol.swift */; };
		E4E2CDE22D2549EA00ABC583 /* NearbyParkingSpotsRequestTests.swift in Sources */ = {isa = PBXBuildFile; fileRef = E4E2CDE12D2549EA00ABC583 /* NearbyParkingSpotsRequestTests.swift */; };
		E4E2CDE82D2559B300ABC583 /* TimerManager.swift in Sources */ = {isa = PBXBuildFile; fileRef = E4E2CDE72D2559B300ABC583 /* TimerManager.swift */; };
		E4E2CDEA2D2559BD00ABC583 /* TimerManagerProtocol.swift in Sources */ = {isa = PBXBuildFile; fileRef = E4E2CDE92D2559BD00ABC583 /* TimerManagerProtocol.swift */; };
		E4E2CDED2D2559D100ABC583 /* NotificationManager.swift in Sources */ = {isa = PBXBuildFile; fileRef = E4E2CDEC2D2559D100ABC583 /* NotificationManager.swift */; };
		E4E2CDEF2D2559DA00ABC583 /* NotificationManagerProtocol.swift in Sources */ = {isa = PBXBuildFile; fileRef = E4E2CDEE2D2559DA00ABC583 /* NotificationManagerProtocol.swift */; };
		E4F0D2132D25751000017BAA /* MockedParkingSpots.json in Resources */ = {isa = PBXBuildFile; fileRef = E4F0D2122D25751000017BAA /* MockedParkingSpots.json */; };
		E4F0D2162D25775C00017BAA /* JSONLoader.swift in Sources */ = {isa = PBXBuildFile; fileRef = E4F0D2152D25775C00017BAA /* JSONLoader.swift */; };
		E4F0D2182D2579B400017BAA /* MockedNetworkClient.swift in Sources */ = {isa = PBXBuildFile; fileRef = E4F0D2172D2579B400017BAA /* MockedNetworkClient.swift */; };
		E4F0D21C2D257BBC00017BAA /* MockedParkingSpot.json in Resources */ = {isa = PBXBuildFile; fileRef = E4F0D21B2D257BBC00017BAA /* MockedParkingSpot.json */; };
		E4F0D21E2D257CC000017BAA /* ParkingSpotDetailsRequest.swift in Sources */ = {isa = PBXBuildFile; fileRef = E4F0D21D2D257CC000017BAA /* ParkingSpotDetailsRequest.swift */; };
		E4F0D2202D2588B600017BAA /* ParkingSpotDetailsRequestTests.swift in Sources */ = {isa = PBXBuildFile; fileRef = E4F0D21F2D2588B600017BAA /* ParkingSpotDetailsRequestTests.swift */; };
		E4F0D2222D2599D800017BAA /* ApplicationServiceProtocol.swift in Sources */ = {isa = PBXBuildFile; fileRef = E4F0D2212D2599D800017BAA /* ApplicationServiceProtocol.swift */; };
/* End PBXBuildFile section */

/* Begin PBXContainerItemProxy section */
		E47090842D22FF4A005C3F43 /* PBXContainerItemProxy */ = {
			isa = PBXContainerItemProxy;
			containerPortal = E470906B2D22FF48005C3F43 /* Project object */;
			proxyType = 1;
			remoteGlobalIDString = E47090722D22FF48005C3F43;
			remoteInfo = ParkAround;
		};
		E470908E2D22FF4A005C3F43 /* PBXContainerItemProxy */ = {
			isa = PBXContainerItemProxy;
			containerPortal = E470906B2D22FF48005C3F43 /* Project object */;
			proxyType = 1;
			remoteGlobalIDString = E47090722D22FF48005C3F43;
			remoteInfo = ParkAround;
		};
/* End PBXContainerItemProxy section */

/* Begin PBXFileReference section */
		E412AA8C2D2A90F50082E260 /* LoadingOverlay.swift */ = {isa = PBXFileReference; lastKnownFileType = sourcecode.swift; path = LoadingOverlay.swift; sourceTree = "<group>"; };
		E412AA8F2D2AA6B20082E260 /* ParkingDetailsSheetView.swift */ = {isa = PBXFileReference; lastKnownFileType = sourcecode.swift; path = ParkingDetailsSheetView.swift; sourceTree = "<group>"; };
		E412AA922D2AB9340082E260 /* MakeRow.swift */ = {isa = PBXFileReference; lastKnownFileType = sourcecode.swift; path = MakeRow.swift; sourceTree = "<group>"; };
		E42352FD2D26C99F003E28D8 /* SplashView.swift */ = {isa = PBXFileReference; lastKnownFileType = sourcecode.swift; path = SplashView.swift; sourceTree = "<group>"; };
		E42353012D26C9FD003E28D8 /* PrimaryButton.swift */ = {isa = PBXFileReference; lastKnownFileType = sourcecode.swift; path = PrimaryButton.swift; sourceTree = "<group>"; };
		E42353032D26CA72003E28D8 /* MainView.swift */ = {isa = PBXFileReference; lastKnownFileType = sourcecode.swift; path = MainView.swift; sourceTree = "<group>"; };
		E42353052D27BE4F003E28D8 /* ParkingDetailsView.swift */ = {isa = PBXFileReference; lastKnownFileType = sourcecode.swift; name = ParkingDetailsView.swift; path = ParkAround/Sources/Main/Presentation/Main/ParkingDetailsView.swift; sourceTree = SOURCE_ROOT; };
		E42353092D27CC97003E28D8 /* ParkingSearchView.swift */ = {isa = PBXFileReference; lastKnownFileType = sourcecode.swift; path = ParkingSearchView.swift; sourceTree = "<group>"; };
		E423530C2D282579003E28D8 /* URLOpener.swift */ = {isa = PBXFileReference; lastKnownFileType = sourcecode.swift; path = URLOpener.swift; sourceTree = "<group>"; };
		E47090732D22FF48005C3F43 /* ParkAround.app */ = {isa = PBXFileReference; explicitFileType = wrapper.application; includeInIndex = 0; path = ParkAround.app; sourceTree = BUILT_PRODUCTS_DIR; };
		E47090762D22FF48005C3F43 /* ParkAroundApp.swift */ = {isa = PBXFileReference; lastKnownFileType = sourcecode.swift; path = ParkAroundApp.swift; sourceTree = "<group>"; };
		E470907A2D22FF4A005C3F43 /* Assets.xcassets */ = {isa = PBXFileReference; lastKnownFileType = folder.assetcatalog; path = Assets.xcassets; sourceTree = "<group>"; };
		E470907D2D22FF4A005C3F43 /* Preview Assets.xcassets */ = {isa = PBXFileReference; lastKnownFileType = folder.assetcatalog; path = "Preview Assets.xcassets"; sourceTree = "<group>"; };
		E47090832D22FF4A005C3F43 /* ParkAroundTests.xctest */ = {isa = PBXFileReference; explicitFileType = wrapper.cfbundle; includeInIndex = 0; path = ParkAroundTests.xctest; sourceTree = BUILT_PRODUCTS_DIR; };
		E47090872D22FF4A005C3F43 /* ParkAroundTests.swift */ = {isa = PBXFileReference; lastKnownFileType = sourcecode.swift; path = ParkAroundTests.swift; sourceTree = "<group>"; };
		E470908D2D22FF4A005C3F43 /* ParkAroundUITests.xctest */ = {isa = PBXFileReference; explicitFileType = wrapper.cfbundle; includeInIndex = 0; path = ParkAroundUITests.xctest; sourceTree = BUILT_PRODUCTS_DIR; };
		E47090912D22FF4A005C3F43 /* ParkAroundUITests.swift */ = {isa = PBXFileReference; lastKnownFileType = sourcecode.swift; path = ParkAroundUITests.swift; sourceTree = "<group>"; };
		E47090932D22FF4A005C3F43 /* ParkAroundUITestsLaunchTests.swift */ = {isa = PBXFileReference; lastKnownFileType = sourcecode.swift; path = ParkAroundUITestsLaunchTests.swift; sourceTree = "<group>"; };
		E47090B72D230160005C3F43 /* ApplicationService.swift */ = {isa = PBXFileReference; lastKnownFileType = sourcecode.swift; path = ApplicationService.swift; sourceTree = "<group>"; };
		E47090C22D2302BF005C3F43 /* AppComponent.swift */ = {isa = PBXFileReference; lastKnownFileType = sourcecode.swift; path = AppComponent.swift; sourceTree = "<group>"; };
		E47090C42D2302D3005C3F43 /* AppCoordinator.swift */ = {isa = PBXFileReference; lastKnownFileType = sourcecode.swift; path = AppCoordinator.swift; sourceTree = "<group>"; };
		E47090C62D2302DA005C3F43 /* AppCoordinatorView.swift */ = {isa = PBXFileReference; lastKnownFileType = sourcecode.swift; path = AppCoordinatorView.swift; sourceTree = "<group>"; };
		E47090CC2D230346005C3F43 /* LocationManager.swift */ = {isa = PBXFileReference; lastKnownFileType = sourcecode.swift; path = LocationManager.swift; sourceTree = "<group>"; };
		E47090D02D23036C005C3F43 /* LocationManagerProtocol.swift */ = {isa = PBXFileReference; lastKnownFileType = sourcecode.swift; path = LocationManagerProtocol.swift; sourceTree = "<group>"; };
		E47090D52D2303AF005C3F43 /* HTTPFields.swift */ = {isa = PBXFileReference; lastKnownFileType = sourcecode.swift; path = HTTPFields.swift; sourceTree = "<group>"; };
		E47090D72D2303BA005C3F43 /* NetworkError.swift */ = {isa = PBXFileReference; lastKnownFileType = sourcecode.swift; path = NetworkError.swift; sourceTree = "<group>"; };
		E47090D92D2303CB005C3F43 /* NetworkClient.swift */ = {isa = PBXFileReference; lastKnownFileType = sourcecode.swift; path = NetworkClient.swift; sourceTree = "<group>"; };
		E47090DB2D2303D5005C3F43 /* NetworkClientProtocol.swift */ = {isa = PBXFileReference; lastKnownFileType = sourcecode.swift; path = NetworkClientProtocol.swift; sourceTree = "<group>"; };
		E47090E42D2313AD005C3F43 /* DesignTokens.swift */ = {isa = PBXFileReference; lastKnownFileType = sourcecode.swift; path = DesignTokens.swift; sourceTree = "<group>"; };
		E47090EF2D232F4F005C3F43 /* LocationManagerMock.swift */ = {isa = PBXFileReference; lastKnownFileType = sourcecode.swift; path = LocationManagerMock.swift; sourceTree = "<group>"; };
		E47090F12D233779005C3F43 /* ApplicationServiceMock.swift */ = {isa = PBXFileReference; lastKnownFileType = sourcecode.swift; path = ApplicationServiceMock.swift; sourceTree = "<group>"; };
		E47090F32D2337CE005C3F43 /* NetworkClientMock.swift */ = {isa = PBXFileReference; lastKnownFileType = sourcecode.swift; path = NetworkClientMock.swift; sourceTree = "<group>"; };
		E47090F92D239C42005C3F43 /* Stubable.swift */ = {isa = PBXFileReference; lastKnownFileType = sourcecode.swift; path = Stubable.swift; sourceTree = "<group>"; };
		E47091072D239EF5005C3F43 /* APIService.swift */ = {isa = PBXFileReference; lastKnownFileType = sourcecode.swift; path = APIService.swift; sourceTree = "<group>"; };
		E47091092D239F00005C3F43 /* APIServiceProtocol.swift */ = {isa = PBXFileReference; lastKnownFileType = sourcecode.swift; path = APIServiceProtocol.swift; sourceTree = "<group>"; };
		E470910B2D239F7B005C3F43 /* ApiRequest.swift */ = {isa = PBXFileReference; lastKnownFileType = sourcecode.swift; path = ApiRequest.swift; sourceTree = "<group>"; };
		E470910D2D23A7BB005C3F43 /* NearbyParkingSpotsRequest.swift */ = {isa = PBXFileReference; lastKnownFileType = sourcecode.swift; path = NearbyParkingSpotsRequest.swift; sourceTree = "<group>"; };
		E470910F2D23AAE5005C3F43 /* ParkingService.swift */ = {isa = PBXFileReference; lastKnownFileType = sourcecode.swift; path = ParkingService.swift; sourceTree = "<group>"; };
		E47091112D23AAF2005C3F43 /* ParkingServiceProtocol.swift */ = {isa = PBXFileReference; lastKnownFileType = sourcecode.swift; path = ParkingServiceProtocol.swift; sourceTree = "<group>"; };
		E47091132D23AC4C005C3F43 /* ParkingRepository.swift */ = {isa = PBXFileReference; lastKnownFileType = sourcecode.swift; path = ParkingRepository.swift; sourceTree = "<group>"; };
		E47091152D23AC57005C3F43 /* ParkingRepositoryProtocol.swift */ = {isa = PBXFileReference; lastKnownFileType = sourcecode.swift; path = ParkingRepositoryProtocol.swift; sourceTree = "<group>"; };
		E47091172D23ACA6005C3F43 /* ParkingDetailsDTO.swift */ = {isa = PBXFileReference; lastKnownFileType = sourcecode.swift; path = ParkingDetailsDTO.swift; sourceTree = "<group>"; };
		E470911A2D23ADF3005C3F43 /* ParkingDetails.swift */ = {isa = PBXFileReference; lastKnownFileType = sourcecode.swift; path = ParkingDetails.swift; sourceTree = "<group>"; };
		E470911D2D23AEBD005C3F43 /* ParkingDetailsMapper.swift */ = {isa = PBXFileReference; lastKnownFileType = sourcecode.swift; path = ParkingDetailsMapper.swift; sourceTree = "<group>"; };
		E470911F2D23AFF8005C3F43 /* ErrorStub.swift */ = {isa = PBXFileReference; lastKnownFileType = sourcecode.swift; path = ErrorStub.swift; sourceTree = "<group>"; };
		E47091212D23B01C005C3F43 /* ParkingRepositorySpy.swift */ = {isa = PBXFileReference; lastKnownFileType = sourcecode.swift; path = ParkingRepositorySpy.swift; sourceTree = "<group>"; };
		E47091232D23B1D7005C3F43 /* ParkingDetailsDTOStub.swift */ = {isa = PBXFileReference; lastKnownFileType = sourcecode.swift; path = ParkingDetailsDTOStub.swift; sourceTree = "<group>"; };
		E47091272D23B30F005C3F43 /* ParkingServiceSpy.swift */ = {isa = PBXFileReference; lastKnownFileType = sourcecode.swift; path = ParkingServiceSpy.swift; sourceTree = "<group>"; };
		E470912E2D23B9B1005C3F43 /* ParkingDetailsMapperTests.swift */ = {isa = PBXFileReference; lastKnownFileType = sourcecode.swift; path = ParkingDetailsMapperTests.swift; sourceTree = "<group>"; };
		E47091312D23BB5D005C3F43 /* ParkingRepositoryTests.swift */ = {isa = PBXFileReference; lastKnownFileType = sourcecode.swift; path = ParkingRepositoryTests.swift; sourceTree = "<group>"; };
		E47091342D23BB74005C3F43 /* ParkingServiceTests.swift */ = {isa = PBXFileReference; lastKnownFileType = sourcecode.swift; path = ParkingServiceTests.swift; sourceTree = "<group>"; };
		E470913D2D23C888005C3F43 /* APIServiceSpy.swift */ = {isa = PBXFileReference; lastKnownFileType = sourcecode.swift; path = APIServiceSpy.swift; sourceTree = "<group>"; };
		E47091402D23CCDF005C3F43 /* ParkingStatus.swift */ = {isa = PBXFileReference; lastKnownFileType = sourcecode.swift; path = ParkingStatus.swift; sourceTree = "<group>"; };
		E47091432D23CD52005C3F43 /* ParkingDetailsStub.swift */ = {isa = PBXFileReference; lastKnownFileType = sourcecode.swift; path = ParkingDetailsStub.swift; sourceTree = "<group>"; };
		E47091472D23CE05005C3F43 /* ParkingCoordinator.swift */ = {isa = PBXFileReference; lastKnownFileType = sourcecode.swift; path = ParkingCoordinator.swift; sourceTree = "<group>"; };
		E470914C2D23F609005C3F43 /* GeoLocation.swift */ = {isa = PBXFileReference; lastKnownFileType = sourcecode.swift; path = GeoLocation.swift; sourceTree = "<group>"; };
		E470914E2D23F63D005C3F43 /* GeoLocationStub.swift */ = {isa = PBXFileReference; lastKnownFileType = sourcecode.swift; path = GeoLocationStub.swift; sourceTree = "<group>"; };
		E4807A712D2ACC5000FA2CC2 /* AlertManagerProtocol.swift */ = {isa = PBXFileReference; lastKnownFileType = sourcecode.swift; path = AlertManagerProtocol.swift; sourceTree = "<group>"; };
		E4807A732D2ACC5600FA2CC2 /* AlertManager.swift */ = {isa = PBXFileReference; lastKnownFileType = sourcecode.swift; path = AlertManager.swift; sourceTree = "<group>"; };
		E4807A752D2ACD7A00FA2CC2 /* AlertManagerMock.swift */ = {isa = PBXFileReference; lastKnownFileType = sourcecode.swift; path = AlertManagerMock.swift; sourceTree = "<group>"; };
		E4807A782D2ACE2E00FA2CC2 /* AlertWrapperView.swift */ = {isa = PBXFileReference; lastKnownFileType = sourcecode.swift; path = AlertWrapperView.swift; sourceTree = "<group>"; };
		E4807A7A2D2ACFFB00FA2CC2 /* AlertManagerTest.swift */ = {isa = PBXFileReference; lastKnownFileType = sourcecode.swift; name = AlertManagerTest.swift; path = ParkAround/Tests/HomeTests/AlertManagerTest.swift; sourceTree = SOURCE_ROOT; };
		E4807A7C2D2AD8E800FA2CC2 /* AlertContent.swift */ = {isa = PBXFileReference; lastKnownFileType = sourcecode.swift; path = AlertContent.swift; sourceTree = "<group>"; };
		E4807A7E2D2AD92D00FA2CC2 /* AlertContentStub.swift */ = {isa = PBXFileReference; lastKnownFileType = sourcecode.swift; path = AlertContentStub.swift; sourceTree = "<group>"; };
		E4807A802D2ADEFC00FA2CC2 /* NetworkMointor.swift */ = {isa = PBXFileReference; lastKnownFileType = sourcecode.swift; path = NetworkMointor.swift; sourceTree = "<group>"; };
		E4C4CC562D2918FB004EA2FF /* URLOpenerSpy.swift */ = {isa = PBXFileReference; lastKnownFileType = sourcecode.swift; name = URLOpenerSpy.swift; path = ParkAround/Tests/TestDoubles/Spies/URLOpenerSpy.swift; sourceTree = SOURCE_ROOT; };
		E4C4CC5A2D2929F8004EA2FF /* TimeSlotsView.swift */ = {isa = PBXFileReference; lastKnownFileType = sourcecode.swift; path = TimeSlotsView.swift; sourceTree = "<group>"; };
		E4C4CC5C2D293D76004EA2FF /* InlineButton.swift */ = {isa = PBXFileReference; lastKnownFileType = sourcecode.swift; path = InlineButton.swift; sourceTree = "<group>"; };
		E4C4CC5E2D29806B004EA2FF /* ParkingDetailsViewModel.swift */ = {isa = PBXFileReference; lastKnownFileType = sourcecode.swift; path = ParkingDetailsViewModel.swift; sourceTree = "<group>"; };
		E4C4CC602D29807D004EA2FF /* ParkingDetailsViewModelProtocol.swift */ = {isa = PBXFileReference; lastKnownFileType = sourcecode.swift; path = ParkingDetailsViewModelProtocol.swift; sourceTree = "<group>"; };
		E4C4CC622D298356004EA2FF /* PaymentRepository.swift */ = {isa = PBXFileReference; lastKnownFileType = sourcecode.swift; path = PaymentRepository.swift; sourceTree = "<group>"; };
		E4C4CC642D298363004EA2FF /* PaymentRepositoryProtocol.swift */ = {isa = PBXFileReference; lastKnownFileType = sourcecode.swift; path = PaymentRepositoryProtocol.swift; sourceTree = "<group>"; };
		E4C4CC6C2D299EA9004EA2FF /* ActiveSessionManager.swift */ = {isa = PBXFileReference; lastKnownFileType = sourcecode.swift; path = ActiveSessionManager.swift; sourceTree = "<group>"; };
		E4C4CC6E2D299F09004EA2FF /* ActiveSessionManagerProtocol.swift */ = {isa = PBXFileReference; lastKnownFileType = sourcecode.swift; path = ActiveSessionManagerProtocol.swift; sourceTree = "<group>"; };
		E4C4CC712D29A3A3004EA2FF /* ParkingReservation.swift */ = {isa = PBXFileReference; lastKnownFileType = sourcecode.swift; path = ParkingReservation.swift; sourceTree = "<group>"; };
		E4C4CC742D29A4DE004EA2FF /* PersistenceController.swift */ = {isa = PBXFileReference; lastKnownFileType = sourcecode.swift; path = PersistenceController.swift; sourceTree = "<group>"; };
		E4C4CC762D29A78E004EA2FF /* ReservationsHistoryViewModel.swift */ = {isa = PBXFileReference; lastKnownFileType = sourcecode.swift; name = ReservationsHistoryViewModel.swift; path = ParkAround/Sources/Main/ReservationsHistoryViewModel.swift; sourceTree = SOURCE_ROOT; };
		E4C4CC782D29A799004EA2FF /* ReservationsHistoryView.swift */ = {isa = PBXFileReference; lastKnownFileType = sourcecode.swift; name = ReservationsHistoryView.swift; path = ParkAround/Sources/Features/Parking/ParkingPresentation/Sources/ReservationsHistory/ReservationsHistoryView.swift; sourceTree = SOURCE_ROOT; };
		E4C4CC7A2D29A7B2004EA2FF /* ReservationsHistoryViewModelProtocol.swift */ = {isa = PBXFileReference; lastKnownFileType = sourcecode.swift; name = ReservationsHistoryViewModelProtocol.swift; path = ParkAround/Sources/Main/ReservationsHistoryViewModelProtocol.swift; sourceTree = SOURCE_ROOT; };
		E4C4CCBA2D2A6023004EA2FF /* FavoriteParking.swift */ = {isa = PBXFileReference; lastKnownFileType = sourcecode.swift; path = FavoriteParking.swift; sourceTree = "<group>"; };
		E4C4CCBC2D2A626C004EA2FF /* FavoriteParkingsView.swift */ = {isa = PBXFileReference; lastKnownFileType = sourcecode.swift; name = FavoriteParkingsView.swift; path = ParkAround/Sources/Features/Parking/ParkingPresentation/Sources/FavoriteParkings/FavoriteParkingsView.swift; sourceTree = SOURCE_ROOT; };
		E4C4CCBE2D2A6278004EA2FF /* FavoriteParkingsViewModel.swift */ = {isa = PBXFileReference; lastKnownFileType = sourcecode.swift; name = FavoriteParkingsViewModel.swift; path = ParkAround/Sources/Features/Parking/ParkingDomain/Sources/ParkingEnities/FavoriteParkingsViewModel.swift; sourceTree = SOURCE_ROOT; };
		E4C4CCC02D2A6280004EA2FF /* FavoriteParkingsViewModelProtocol.swift */ = {isa = PBXFileReference; lastKnownFileType = sourcecode.swift; name = FavoriteParkingsViewModelProtocol.swift; path = ParkAround/Sources/Features/Parking/ParkingDomain/Sources/ParkingEnities/FavoriteParkingsViewModelProtocol.swift; sourceTree = SOURCE_ROOT; };
		E4C4CCC22D2A66CC004EA2FF /* ParkingDetailsClass.swift */ = {isa = PBXFileReference; lastKnownFileType = sourcecode.swift; path = ParkingDetailsClass.swift; sourceTree = "<group>"; };
		E4E2CDC82D2520F200ABC583 /* Routes.swift */ = {isa = PBXFileReference; lastKnownFileType = sourcecode.swift; path = Routes.swift; sourceTree = "<group>"; };
		E4E2CDCA2D25275900ABC583 /* HomeCoordinator.swift */ = {isa = PBXFileReference; lastKnownFileType = sourcecode.swift; path = HomeCoordinator.swift; sourceTree = "<group>"; };
		E4E2CDCC2D25276100ABC583 /* HomeCoordinatorView.swift */ = {isa = PBXFileReference; lastKnownFileType = sourcecode.swift; path = HomeCoordinatorView.swift; sourceTree = "<group>"; };
		E4E2CDCF2D252ED900ABC583 /* WelcomeView.swift */ = {isa = PBXFileReference; lastKnownFileType = sourcecode.swift; path = WelcomeView.swift; sourceTree = "<group>"; };
		E4E2CDD12D252F7400ABC583 /* WelcomeViewModel.swift */ = {isa = PBXFileReference; lastKnownFileType = sourcecode.swift; path = WelcomeViewModel.swift; sourceTree = "<group>"; };
		E4E2CDD32D252F8100ABC583 /* WelcomeViewModelProtocol.swift */ = {isa = PBXFileReference; lastKnownFileType = sourcecode.swift; path = WelcomeViewModelProtocol.swift; sourceTree = "<group>"; };
		E4E2CDD62D25346C00ABC583 /* LocationDisabledView.swift */ = {isa = PBXFileReference; lastKnownFileType = sourcecode.swift; path = LocationDisabledView.swift; sourceTree = "<group>"; };
		E4E2CDD82D253C4900ABC583 /* ParkingSpotsMapView.swift */ = {isa = PBXFileReference; lastKnownFileType = sourcecode.swift; path = ParkingSpotsMapView.swift; sourceTree = "<group>"; };
		E4E2CDDD2D253FD500ABC583 /* ParkingSpotsMapViewModel.swift */ = {isa = PBXFileReference; lastKnownFileType = sourcecode.swift; path = ParkingSpotsMapViewModel.swift; sourceTree = "<group>"; };
		E4E2CDDF2D253FDD00ABC583 /* ParkingSpotsMapViewModelProtocol.swift */ = {isa = PBXFileReference; lastKnownFileType = sourcecode.swift; path = ParkingSpotsMapViewModelProtocol.swift; sourceTree = "<group>"; };
		E4E2CDE12D2549EA00ABC583 /* NearbyParkingSpotsRequestTests.swift */ = {isa = PBXFileReference; lastKnownFileType = sourcecode.swift; path = NearbyParkingSpotsRequestTests.swift; sourceTree = "<group>"; };
		E4E2CDE72D2559B300ABC583 /* TimerManager.swift */ = {isa = PBXFileReference; lastKnownFileType = sourcecode.swift; path = TimerManager.swift; sourceTree = "<group>"; };
		E4E2CDE92D2559BD00ABC583 /* TimerManagerProtocol.swift */ = {isa = PBXFileReference; lastKnownFileType = sourcecode.swift; path = TimerManagerProtocol.swift; sourceTree = "<group>"; };
		E4E2CDEC2D2559D100ABC583 /* NotificationManager.swift */ = {isa = PBXFileReference; lastKnownFileType = sourcecode.swift; path = NotificationManager.swift; sourceTree = "<group>"; };
		E4E2CDEE2D2559DA00ABC583 /* NotificationManagerProtocol.swift */ = {isa = PBXFileReference; lastKnownFileType = sourcecode.swift; path = NotificationManagerProtocol.swift; sourceTree = "<group>"; };
		E4F0D2122D25751000017BAA /* MockedParkingSpots.json */ = {isa = PBXFileReference; lastKnownFileType = text.json; path = MockedParkingSpots.json; sourceTree = "<group>"; };
		E4F0D2152D25775C00017BAA /* JSONLoader.swift */ = {isa = PBXFileReference; lastKnownFileType = sourcecode.swift; path = JSONLoader.swift; sourceTree = "<group>"; };
		E4F0D2172D2579B400017BAA /* MockedNetworkClient.swift */ = {isa = PBXFileReference; lastKnownFileType = sourcecode.swift; path = MockedNetworkClient.swift; sourceTree = "<group>"; };
		E4F0D21B2D257BBC00017BAA /* MockedParkingSpot.json */ = {isa = PBXFileReference; lastKnownFileType = text.json; path = MockedParkingSpot.json; sourceTree = "<group>"; };
		E4F0D21D2D257CC000017BAA /* ParkingSpotDetailsRequest.swift */ = {isa = PBXFileReference; lastKnownFileType = sourcecode.swift; path = ParkingSpotDetailsRequest.swift; sourceTree = "<group>"; };
		E4F0D21F2D2588B600017BAA /* ParkingSpotDetailsRequestTests.swift */ = {isa = PBXFileReference; lastKnownFileType = sourcecode.swift; path = ParkingSpotDetailsRequestTests.swift; sourceTree = "<group>"; };
		E4F0D2212D2599D800017BAA /* ApplicationServiceProtocol.swift */ = {isa = PBXFileReference; lastKnownFileType = sourcecode.swift; path = ApplicationServiceProtocol.swift; sourceTree = "<group>"; };
/* End PBXFileReference section */

/* Begin PBXFrameworksBuildPhase section */
		E47090702D22FF48005C3F43 /* Frameworks */ = {
			isa = PBXFrameworksBuildPhase;
			buildActionMask = 2147483647;
			files = (
			);
			runOnlyForDeploymentPostprocessing = 0;
		};
		E47090802D22FF4A005C3F43 /* Frameworks */ = {
			isa = PBXFrameworksBuildPhase;
			buildActionMask = 2147483647;
			files = (
			);
			runOnlyForDeploymentPostprocessing = 0;
		};
		E470908A2D22FF4A005C3F43 /* Frameworks */ = {
			isa = PBXFrameworksBuildPhase;
			buildActionMask = 2147483647;
			files = (
			);
			runOnlyForDeploymentPostprocessing = 0;
		};
/* End PBXFrameworksBuildPhase section */

/* Begin PBXGroup section */
		E412AA8B2D2A90DE0082E260 /* Progress */ = {
			isa = PBXGroup;
			children = (
				E412AA8C2D2A90F50082E260 /* LoadingOverlay.swift */,
			);
			path = Progress;
			sourceTree = "<group>";
		};
		E412AA8E2D2AA6970082E260 /* ParkingDetailsSheetView */ = {
			isa = PBXGroup;
			children = (
				E412AA8F2D2AA6B20082E260 /* ParkingDetailsSheetView.swift */,
			);
			path = ParkingDetailsSheetView;
			sourceTree = "<group>";
		};
		E412AA912D2AB91B0082E260 /* Row */ = {
			isa = PBXGroup;
			children = (
				E412AA922D2AB9340082E260 /* MakeRow.swift */,
			);
			path = Row;
			sourceTree = "<group>";
		};
		E42352FC2D26C990003E28D8 /* AppLaunch */ = {
			isa = PBXGroup;
			children = (
				E42352FD2D26C99F003E28D8 /* SplashView.swift */,
			);
			path = AppLaunch;
			sourceTree = "<group>";
		};
		E42352FF2D26C9EE003E28D8 /* Components */ = {
			isa = PBXGroup;
			children = (
				E412AA912D2AB91B0082E260 /* Row */,
				E412AA8B2D2A90DE0082E260 /* Progress */,
				E42353002D26C9F3003E28D8 /* Buttons */,
			);
			path = Components;
			sourceTree = "<group>";
		};
		E42353002D26C9F3003E28D8 /* Buttons */ = {
			isa = PBXGroup;
			children = (
				E42353012D26C9FD003E28D8 /* PrimaryButton.swift */,
				E4C4CC5C2D293D76004EA2FF /* InlineButton.swift */,
			);
			path = Buttons;
			sourceTree = "<group>";
		};
		E423530B2D28256B003E28D8 /* URLOpener */ = {
			isa = PBXGroup;
			children = (
				E423530C2D282579003E28D8 /* URLOpener.swift */,
			);
			path = URLOpener;
			sourceTree = "<group>";
		};
		E470906A2D22FF48005C3F43 = {
			isa = PBXGroup;
			children = (
				E47090752D22FF48005C3F43 /* ParkAround */,
				E47090862D22FF4A005C3F43 /* ParkAroundTests */,
				E47090902D22FF4A005C3F43 /* ParkAroundUITests */,
				E47090742D22FF48005C3F43 /* Products */,
			);
			sourceTree = "<group>";
		};
		E47090742D22FF48005C3F43 /* Products */ = {
			isa = PBXGroup;
			children = (
				E47090732D22FF48005C3F43 /* ParkAround.app */,
				E47090832D22FF4A005C3F43 /* ParkAroundTests.xctest */,
				E470908D2D22FF4A005C3F43 /* ParkAroundUITests.xctest */,
			);
			name = Products;
			sourceTree = "<group>";
		};
		E47090752D22FF48005C3F43 /* ParkAround */ = {
			isa = PBXGroup;
			children = (
				E47090762D22FF48005C3F43 /* ParkAroundApp.swift */,
				E47090A02D22FF68005C3F43 /* Sources */,
				E47090F52D233A3A005C3F43 /* Resources */,
				E47090E62D232E43005C3F43 /* Tests */,
				E470907A2D22FF4A005C3F43 /* Assets.xcassets */,
				E470907C2D22FF4A005C3F43 /* Preview Content */,
			);
			path = ParkAround;
			sourceTree = "<group>";
		};
		E470907C2D22FF4A005C3F43 /* Preview Content */ = {
			isa = PBXGroup;
			children = (
				E470907D2D22FF4A005C3F43 /* Preview Assets.xcassets */,
			);
			path = "Preview Content";
			sourceTree = "<group>";
		};
		E47090862D22FF4A005C3F43 /* ParkAroundTests */ = {
			isa = PBXGroup;
			children = (
				E47090872D22FF4A005C3F43 /* ParkAroundTests.swift */,
			);
			path = ParkAroundTests;
			sourceTree = "<group>";
		};
		E47090902D22FF4A005C3F43 /* ParkAroundUITests */ = {
			isa = PBXGroup;
			children = (
				E47090912D22FF4A005C3F43 /* ParkAroundUITests.swift */,
				E47090932D22FF4A005C3F43 /* ParkAroundUITestsLaunchTests.swift */,
			);
			path = ParkAroundUITests;
			sourceTree = "<group>";
		};
		E47090A02D22FF68005C3F43 /* Sources */ = {
			isa = PBXGroup;
			children = (
				E47091502D23FA38005C3F43 /* Main */,
				E4E2CDDA2D253D0600ABC583 /* Features */,
				E47090DF2D230D03005C3F43 /* UI */,
				E47090A52D22FFD4005C3F43 /* Utilities */,
			);
			path = Sources;
			sourceTree = "<group>";
		};
		E47090A12D22FF6F005C3F43 /* Main */ = {
			isa = PBXGroup;
			children = (
				E4807A772D2ACDFE00FA2CC2 /* AlertWarapper */,
				E42352FC2D26C990003E28D8 /* AppLaunch */,
				E4E2CDD52D25345800ABC583 /* LocationDisabled */,
				E4E2CDCE2D252ECB00ABC583 /* Welcome */,
				E47090C22D2302BF005C3F43 /* AppComponent.swift */,
				E47090C42D2302D3005C3F43 /* AppCoordinator.swift */,
				E47090C62D2302DA005C3F43 /* AppCoordinatorView.swift */,
				E42353032D26CA72003E28D8 /* MainView.swift */,
			);
			path = Main;
			sourceTree = "<group>";
		};
		E47090A22D22FF8C005C3F43 /* Networking */ = {
			isa = PBXGroup;
			children = (
				E47090D42D23039B005C3F43 /* Enums */,
				E47090D92D2303CB005C3F43 /* NetworkClient.swift */,
				E47090DB2D2303D5005C3F43 /* NetworkClientProtocol.swift */,
				E4F0D2172D2579B400017BAA /* MockedNetworkClient.swift */,
				E4807A802D2ADEFC00FA2CC2 /* NetworkMointor.swift */,
			);
			path = Networking;
			sourceTree = "<group>";
		};
		E47090A32D22FF9E005C3F43 /* Presentation */ = {
			isa = PBXGroup;
			children = (
				E4E2CDC72D2520DA00ABC583 /* Routes */,
				E47090A12D22FF6F005C3F43 /* Main */,
			);
			path = Presentation;
			sourceTree = "<group>";
		};
		E47090A42D22FFC0005C3F43 /* Services */ = {
			isa = PBXGroup;
			children = (
				E47091062D239EE6005C3F43 /* API */,
				E47090A92D230072005C3F43 /* ApplicationService */,
			);
			path = Services;
			sourceTree = "<group>";
		};
		E47090A52D22FFD4005C3F43 /* Utilities */ = {
			isa = PBXGroup;
			children = (
				E423530B2D28256B003E28D8 /* URLOpener */,
				E4F0D2142D25774B00017BAA /* JSONLoader */,
				E47090A62D22FFE8005C3F43 /* Managers */,
			);
			path = Utilities;
			sourceTree = "<group>";
		};
		E47090A62D22FFE8005C3F43 /* Managers */ = {
			isa = PBXGroup;
			children = (
				E4807A702D2ACC3E00FA2CC2 /* AlertManager */,
				E4C4CC6B2D299E97004EA2FF /* ActiveSessionManager */,
				E47090C82D230324005C3F43 /* Location */,
				E4E2CDEB2D2559C000ABC583 /* Notification */,
				E4E2CDE62D2559A000ABC583 /* Timer */,
			);
			path = Managers;
			sourceTree = "<group>";
		};
		E47090A92D230072005C3F43 /* ApplicationService */ = {
			isa = PBXGroup;
			children = (
				E47090B72D230160005C3F43 /* ApplicationService.swift */,
				E4F0D2212D2599D800017BAA /* ApplicationServiceProtocol.swift */,
			);
			path = ApplicationService;
			sourceTree = "<group>";
		};
		E47090BB2D2301A5005C3F43 /* Home */ = {
			isa = PBXGroup;
			children = (
				E47090BE2D2301EB005C3F43 /* SubViews */,
				E4E2CDCA2D25275900ABC583 /* HomeCoordinator.swift */,
				E4E2CDCC2D25276100ABC583 /* HomeCoordinatorView.swift */,
			);
			path = Home;
			sourceTree = "<group>";
		};
		E47090BE2D2301EB005C3F43 /* SubViews */ = {
			isa = PBXGroup;
			children = (
				E412AA8E2D2AA6970082E260 /* ParkingDetailsSheetView */,
				E4E2CDDC2D253F0400ABC583 /* ParkingSpotsMap */,
				E47090BF2D2301F3005C3F43 /* Search */,
			);
			path = SubViews;
			sourceTree = "<group>";
		};
		E47090BF2D2301F3005C3F43 /* Search */ = {
			isa = PBXGroup;
			children = (
				E42353092D27CC97003E28D8 /* ParkingSearchView.swift */,
			);
			path = Search;
			sourceTree = "<group>";
		};
		E47090C02D230208005C3F43 /* FavoriteParkings */ = {
			isa = PBXGroup;
			children = (
				E4C4CCBC2D2A626C004EA2FF /* FavoriteParkingsView.swift */,
				E4C4CCBE2D2A6278004EA2FF /* FavoriteParkingsViewModel.swift */,
				E4C4CCC02D2A6280004EA2FF /* FavoriteParkingsViewModelProtocol.swift */,
			);
			path = FavoriteParkings;
			sourceTree = "<group>";
		};
		E47090C12D230217005C3F43 /* ReservationsHistory */ = {
			isa = PBXGroup;
			children = (
				E4C4CC782D29A799004EA2FF /* ReservationsHistoryView.swift */,
				E4C4CC762D29A78E004EA2FF /* ReservationsHistoryViewModel.swift */,
				E4C4CC7A2D29A7B2004EA2FF /* ReservationsHistoryViewModelProtocol.swift */,
			);
			path = ReservationsHistory;
			sourceTree = "<group>";
		};
		E47090C82D230324005C3F43 /* Location */ = {
			isa = PBXGroup;
			children = (
				E47090CC2D230346005C3F43 /* LocationManager.swift */,
				E47090D02D23036C005C3F43 /* LocationManagerProtocol.swift */,
			);
			path = Location;
			sourceTree = "<group>";
		};
		E47090D42D23039B005C3F43 /* Enums */ = {
			isa = PBXGroup;
			children = (
				E47090D52D2303AF005C3F43 /* HTTPFields.swift */,
				E47090D72D2303BA005C3F43 /* NetworkError.swift */,
			);
			path = Enums;
			sourceTree = "<group>";
		};
		E47090DF2D230D03005C3F43 /* UI */ = {
			isa = PBXGroup;
			children = (
				E42352FF2D26C9EE003E28D8 /* Components */,
				E47090E32D231383005C3F43 /* DesignTokens */,
				E47090E02D230D10005C3F43 /* Extensions */,
			);
			path = UI;
			sourceTree = "<group>";
		};
		E47090E02D230D10005C3F43 /* Extensions */ = {
			isa = PBXGroup;
			children = (
			);
			path = Extensions;
			sourceTree = "<group>";
		};
		E47090E32D231383005C3F43 /* DesignTokens */ = {
			isa = PBXGroup;
			children = (
				E47090E42D2313AD005C3F43 /* DesignTokens.swift */,
			);
			path = DesignTokens;
			sourceTree = "<group>";
		};
		E47090E62D232E43005C3F43 /* Tests */ = {
			isa = PBXGroup;
			children = (
				E47090E72D232E6E005C3F43 /* HomeTests */,
				E47090E82D232E7F005C3F43 /* TestDoubles */,
			);
			path = Tests;
			sourceTree = "<group>";
		};
		E47090E72D232E6E005C3F43 /* HomeTests */ = {
			isa = PBXGroup;
			children = (
				E4807A7A2D2ACFFB00FA2CC2 /* AlertManagerTest.swift */,
			);
			path = HomeTests;
			sourceTree = "<group>";
		};
		E47090E82D232E7F005C3F43 /* TestDoubles */ = {
			isa = PBXGroup;
			children = (
				E47090E92D232E97005C3F43 /* Mocks */,
				E47090EB2D232EA7005C3F43 /* Stubs */,
				E47090EA2D232E9D005C3F43 /* Spies */,
				E47090EC2D232EB9005C3F43 /* Utilities */,
			);
			path = TestDoubles;
			sourceTree = "<group>";
		};
		E47090E92D232E97005C3F43 /* Mocks */ = {
			isa = PBXGroup;
			children = (
				E47090EF2D232F4F005C3F43 /* LocationManagerMock.swift */,
				E47090F12D233779005C3F43 /* ApplicationServiceMock.swift */,
				E47090F32D2337CE005C3F43 /* NetworkClientMock.swift */,
				E4807A752D2ACD7A00FA2CC2 /* AlertManagerMock.swift */,
			);
			path = Mocks;
			sourceTree = "<group>";
		};
		E47090EA2D232E9D005C3F43 /* Spies */ = {
			isa = PBXGroup;
			children = (
				E4C4CC562D2918FB004EA2FF /* URLOpenerSpy.swift */,
			);
			path = Spies;
			sourceTree = "<group>";
		};
		E47090EB2D232EA7005C3F43 /* Stubs */ = {
			isa = PBXGroup;
			children = (
				E47090F82D233C37005C3F43 /* DTOs */,
			);
			path = Stubs;
			sourceTree = "<group>";
		};
		E47090EC2D232EB9005C3F43 /* Utilities */ = {
			isa = PBXGroup;
			children = (
			);
			path = Utilities;
			sourceTree = "<group>";
		};
		E47090F52D233A3A005C3F43 /* Resources */ = {
			isa = PBXGroup;
			children = (
				E4F0D21B2D257BBC00017BAA /* MockedParkingSpot.json */,
				E4F0D2122D25751000017BAA /* MockedParkingSpots.json */,
			);
			path = Resources;
			sourceTree = "<group>";
		};
		E47090F82D233C37005C3F43 /* DTOs */ = {
			isa = PBXGroup;
			children = (
				E47090F92D239C42005C3F43 /* Stubable.swift */,
			);
			path = DTOs;
			sourceTree = "<group>";
		};
		E47090FB2D239D66005C3F43 /* ParkingData */ = {
			isa = PBXGroup;
			children = (
				E47090FE2D239DB8005C3F43 /* Sources */,
				E47091292D23B847005C3F43 /* Tests */,
			);
			path = ParkingData;
			sourceTree = "<group>";
		};
		E47090FC2D239D71005C3F43 /* ParkingDomain */ = {
			isa = PBXGroup;
			children = (
				E470912A2D23B85E005C3F43 /* Sources */,
			);
			path = ParkingDomain;
			sourceTree = "<group>";
		};
		E47090FD2D239D7F005C3F43 /* ParkingPresentation */ = {
			isa = PBXGroup;
			children = (
				E47091452D23CDD3005C3F43 /* Sources */,
				E47091462D23CDD8005C3F43 /* Tests */,
			);
			path = ParkingPresentation;
			sourceTree = "<group>";
		};
		E47090FE2D239DB8005C3F43 /* Sources */ = {
			isa = PBXGroup;
			children = (
				E47090FF2D239DC5005C3F43 /* ParkingRepository */,
				E47091002D239DCE005C3F43 /* ParkingRepositoryTestDoubles */,
				E47091012D239DD8005C3F43 /* ParkingService */,
				E47091032D239DFD005C3F43 /* ParkingServiceDTOs */,
				E47091042D239E0C005C3F43 /* ParkingServiceDTOsTestDoubles */,
				E47091022D239DE9005C3F43 /* ParkingServiceTestDouble */,
			);
			path = Sources;
			sourceTree = "<group>";
		};
		E47090FF2D239DC5005C3F43 /* ParkingRepository */ = {
			isa = PBXGroup;
			children = (
				E470911C2D23AEAA005C3F43 /* Mappers */,
				E47091132D23AC4C005C3F43 /* ParkingRepository.swift */,
				E47091152D23AC57005C3F43 /* ParkingRepositoryProtocol.swift */,
				E4C4CC622D298356004EA2FF /* PaymentRepository.swift */,
				E4C4CC642D298363004EA2FF /* PaymentRepositoryProtocol.swift */,
			);
			path = ParkingRepository;
			sourceTree = "<group>";
		};
		E47091002D239DCE005C3F43 /* ParkingRepositoryTestDoubles */ = {
			isa = PBXGroup;
			children = (
				E470911F2D23AFF8005C3F43 /* ErrorStub.swift */,
				E47091212D23B01C005C3F43 /* ParkingRepositorySpy.swift */,
			);
			path = ParkingRepositoryTestDoubles;
			sourceTree = "<group>";
		};
		E47091012D239DD8005C3F43 /* ParkingService */ = {
			isa = PBXGroup;
			children = (
				E47091052D239E5E005C3F43 /* Requests */,
				E470910F2D23AAE5005C3F43 /* ParkingService.swift */,
				E47091112D23AAF2005C3F43 /* ParkingServiceProtocol.swift */,
			);
			path = ParkingService;
			sourceTree = "<group>";
		};
		E47091022D239DE9005C3F43 /* ParkingServiceTestDouble */ = {
			isa = PBXGroup;
			children = (
				E47091272D23B30F005C3F43 /* ParkingServiceSpy.swift */,
			);
			path = ParkingServiceTestDouble;
			sourceTree = "<group>";
		};
		E47091032D239DFD005C3F43 /* ParkingServiceDTOs */ = {
			isa = PBXGroup;
			children = (
				E47091172D23ACA6005C3F43 /* ParkingDetailsDTO.swift */,
			);
			path = ParkingServiceDTOs;
			sourceTree = "<group>";
		};
		E47091042D239E0C005C3F43 /* ParkingServiceDTOsTestDoubles */ = {
			isa = PBXGroup;
			children = (
				E47091232D23B1D7005C3F43 /* ParkingDetailsDTOStub.swift */,
			);
			path = ParkingServiceDTOsTestDoubles;
			sourceTree = "<group>";
		};
		E47091052D239E5E005C3F43 /* Requests */ = {
			isa = PBXGroup;
			children = (
				E470910D2D23A7BB005C3F43 /* NearbyParkingSpotsRequest.swift */,
				E4F0D21D2D257CC000017BAA /* ParkingSpotDetailsRequest.swift */,
			);
			path = Requests;
			sourceTree = "<group>";
		};
		E47091062D239EE6005C3F43 /* API */ = {
			isa = PBXGroup;
			children = (
				E47091072D239EF5005C3F43 /* APIService.swift */,
				E47091092D239F00005C3F43 /* APIServiceProtocol.swift */,
				E470910B2D239F7B005C3F43 /* ApiRequest.swift */,
			);
			path = API;
			sourceTree = "<group>";
		};
		E47091192D23ADD8005C3F43 /* ParkingEnities */ = {
			isa = PBXGroup;
			children = (
				E470913F2D23CCD1005C3F43 /* Enums */,
				E470914C2D23F609005C3F43 /* GeoLocation.swift */,
				E470911A2D23ADF3005C3F43 /* ParkingDetails.swift */,
				E4C4CC712D29A3A3004EA2FF /* ParkingReservation.swift */,
				E4C4CCBA2D2A6023004EA2FF /* FavoriteParking.swift */,
				E4C4CCC22D2A66CC004EA2FF /* ParkingDetailsClass.swift */,
				E4807A7C2D2AD8E800FA2CC2 /* AlertContent.swift */,
			);
			path = ParkingEnities;
			sourceTree = "<group>";
		};
		E470911C2D23AEAA005C3F43 /* Mappers */ = {
			isa = PBXGroup;
			children = (
				E470911D2D23AEBD005C3F43 /* ParkingDetailsMapper.swift */,
			);
			path = Mappers;
			sourceTree = "<group>";
		};
		E47091292D23B847005C3F43 /* Tests */ = {
			isa = PBXGroup;
			children = (
				E47091302D23BB49005C3F43 /* ParkingRepositoryTests */,
				E47091332D23BB61005C3F43 /* ParkingServiceTests */,
			);
			path = Tests;
			sourceTree = "<group>";
		};
		E470912A2D23B85E005C3F43 /* Sources */ = {
			isa = PBXGroup;
			children = (
				E47091192D23ADD8005C3F43 /* ParkingEnities */,
				E47091422D23CD31005C3F43 /* ParkingEntitiesTestDoubles */,
			);
			path = Sources;
			sourceTree = "<group>";
		};
		E470912B2D23B97C005C3F43 /* Mappers */ = {
			isa = PBXGroup;
			children = (
				E470912E2D23B9B1005C3F43 /* ParkingDetailsMapperTests.swift */,
			);
			path = Mappers;
			sourceTree = "<group>";
		};
		E47091302D23BB49005C3F43 /* ParkingRepositoryTests */ = {
			isa = PBXGroup;
			children = (
				E470912B2D23B97C005C3F43 /* Mappers */,
				E47091312D23BB5D005C3F43 /* ParkingRepositoryTests.swift */,
			);
			path = ParkingRepositoryTests;
			sourceTree = "<group>";
		};
		E47091332D23BB61005C3F43 /* ParkingServiceTests */ = {
			isa = PBXGroup;
			children = (
				E47091362D23C326005C3F43 /* Requests */,
				E47091372D23C32D005C3F43 /* Spies */,
				E47091342D23BB74005C3F43 /* ParkingServiceTests.swift */,
			);
			path = ParkingServiceTests;
			sourceTree = "<group>";
		};
		E47091362D23C326005C3F43 /* Requests */ = {
			isa = PBXGroup;
			children = (
				E4E2CDE12D2549EA00ABC583 /* NearbyParkingSpotsRequestTests.swift */,
				E4F0D21F2D2588B600017BAA /* ParkingSpotDetailsRequestTests.swift */,
			);
			path = Requests;
			sourceTree = "<group>";
		};
		E47091372D23C32D005C3F43 /* Spies */ = {
			isa = PBXGroup;
			children = (
				E470913D2D23C888005C3F43 /* APIServiceSpy.swift */,
			);
			path = Spies;
			sourceTree = "<group>";
		};
		E470913F2D23CCD1005C3F43 /* Enums */ = {
			isa = PBXGroup;
			children = (
				E47091402D23CCDF005C3F43 /* ParkingStatus.swift */,
			);
			path = Enums;
			sourceTree = "<group>";
		};
		E47091422D23CD31005C3F43 /* ParkingEntitiesTestDoubles */ = {
			isa = PBXGroup;
			children = (
				E47091432D23CD52005C3F43 /* ParkingDetailsStub.swift */,
				E470914E2D23F63D005C3F43 /* GeoLocationStub.swift */,
				E4807A7E2D2AD92D00FA2CC2 /* AlertContentStub.swift */,
			);
			path = ParkingEntitiesTestDoubles;
			sourceTree = "<group>";
		};
		E47091452D23CDD3005C3F43 /* Sources */ = {
			isa = PBXGroup;
			children = (
				E47090BB2D2301A5005C3F43 /* Home */,
				E47090C12D230217005C3F43 /* ReservationsHistory */,
				E47090C02D230208005C3F43 /* FavoriteParkings */,
				E47091492D23CE1D005C3F43 /* ParkingDetails */,
				E47091472D23CE05005C3F43 /* ParkingCoordinator.swift */,
			);
			path = Sources;
			sourceTree = "<group>";
		};
		E47091462D23CDD8005C3F43 /* Tests */ = {
			isa = PBXGroup;
			children = (
			);
			path = Tests;
			sourceTree = "<group>";
		};
		E47091492D23CE1D005C3F43 /* ParkingDetails */ = {
			isa = PBXGroup;
			children = (
				E4C4CC582D2929CD004EA2FF /* SubViews */,
				E42353052D27BE4F003E28D8 /* ParkingDetailsView.swift */,
				E4C4CC5E2D29806B004EA2FF /* ParkingDetailsViewModel.swift */,
				E4C4CC602D29807D004EA2FF /* ParkingDetailsViewModelProtocol.swift */,
			);
			path = ParkingDetails;
			sourceTree = "<group>";
		};
		E47091502D23FA38005C3F43 /* Main */ = {
			isa = PBXGroup;
			children = (
				E4C4CC732D29A4CF004EA2FF /* Persistence */,
				E47090A32D22FF9E005C3F43 /* Presentation */,
				E47090A42D22FFC0005C3F43 /* Services */,
				E47090A22D22FF8C005C3F43 /* Networking */,
			);
			path = Main;
			sourceTree = "<group>";
		};
		E4807A702D2ACC3E00FA2CC2 /* AlertManager */ = {
			isa = PBXGroup;
			children = (
				E4807A712D2ACC5000FA2CC2 /* AlertManagerProtocol.swift */,
				E4807A732D2ACC5600FA2CC2 /* AlertManager.swift */,
			);
			path = AlertManager;
			sourceTree = "<group>";
		};
		E4807A772D2ACDFE00FA2CC2 /* AlertWarapper */ = {
			isa = PBXGroup;
			children = (
				E4807A782D2ACE2E00FA2CC2 /* AlertWrapperView.swift */,
			);
			path = AlertWarapper;
			sourceTree = "<group>";
		};
		E4C4CC582D2929CD004EA2FF /* SubViews */ = {
			isa = PBXGroup;
			children = (
				E4C4CC592D2929DD004EA2FF /* TimeSlots */,
			);
			name = SubViews;
			path = ParkAround/Sources/Features/Parking/ParkingPresentation/Sources/ParkingDetails/SubViews;
			sourceTree = "<group>";
		};
		E4C4CC592D2929DD004EA2FF /* TimeSlots */ = {
			isa = PBXGroup;
			children = (
				E4C4CC5A2D2929F8004EA2FF /* TimeSlotsView.swift */,
			);
			path = TimeSlots;
			sourceTree = "<group>";
		};
		E4C4CC6B2D299E97004EA2FF /* ActiveSessionManager */ = {
			isa = PBXGroup;
			children = (
				E4C4CC6C2D299EA9004EA2FF /* ActiveSessionManager.swift */,
				E4C4CC6E2D299F09004EA2FF /* ActiveSessionManagerProtocol.swift */,
			);
			path = ActiveSessionManager;
			sourceTree = "<group>";
		};
		E4C4CC732D29A4CF004EA2FF /* Persistence */ = {
			isa = PBXGroup;
			children = (
				E4C4CC742D29A4DE004EA2FF /* PersistenceController.swift */,
			);
			path = Persistence;
			sourceTree = "<group>";
		};
		E4E2CDC72D2520DA00ABC583 /* Routes */ = {
			isa = PBXGroup;
			children = (
				E4E2CDC82D2520F200ABC583 /* Routes.swift */,
			);
			path = Routes;
			sourceTree = "<group>";
		};
		E4E2CDCE2D252ECB00ABC583 /* Welcome */ = {
			isa = PBXGroup;
			children = (
				E4E2CDCF2D252ED900ABC583 /* WelcomeView.swift */,
				E4E2CDD12D252F7400ABC583 /* WelcomeViewModel.swift */,
				E4E2CDD32D252F8100ABC583 /* WelcomeViewModelProtocol.swift */,
			);
			path = Welcome;
			sourceTree = "<group>";
		};
		E4E2CDD52D25345800ABC583 /* LocationDisabled */ = {
			isa = PBXGroup;
			children = (
				E4E2CDD62D25346C00ABC583 /* LocationDisabledView.swift */,
			);
			path = LocationDisabled;
			sourceTree = "<group>";
		};
		E4E2CDDA2D253D0600ABC583 /* Features */ = {
			isa = PBXGroup;
			children = (
				E4E2CDDB2D253D1100ABC583 /* Parking */,
			);
			path = Features;
			sourceTree = "<group>";
		};
		E4E2CDDB2D253D1100ABC583 /* Parking */ = {
			isa = PBXGroup;
			children = (
				E47090FB2D239D66005C3F43 /* ParkingData */,
				E47090FC2D239D71005C3F43 /* ParkingDomain */,
				E47090FD2D239D7F005C3F43 /* ParkingPresentation */,
			);
			path = Parking;
			sourceTree = "<group>";
		};
		E4E2CDDC2D253F0400ABC583 /* ParkingSpotsMap */ = {
			isa = PBXGroup;
			children = (
				E4E2CDD82D253C4900ABC583 /* ParkingSpotsMapView.swift */,
				E4E2CDDD2D253FD500ABC583 /* ParkingSpotsMapViewModel.swift */,
				E4E2CDDF2D253FDD00ABC583 /* ParkingSpotsMapViewModelProtocol.swift */,
			);
			path = ParkingSpotsMap;
			sourceTree = "<group>";
		};
		E4E2CDE62D2559A000ABC583 /* Timer */ = {
			isa = PBXGroup;
			children = (
				E4E2CDE72D2559B300ABC583 /* TimerManager.swift */,
				E4E2CDE92D2559BD00ABC583 /* TimerManagerProtocol.swift */,
			);
			path = Timer;
			sourceTree = "<group>";
		};
		E4E2CDEB2D2559C000ABC583 /* Notification */ = {
			isa = PBXGroup;
			children = (
				E4E2CDEC2D2559D100ABC583 /* NotificationManager.swift */,
				E4E2CDEE2D2559DA00ABC583 /* NotificationManagerProtocol.swift */,
			);
			path = Notification;
			sourceTree = "<group>";
		};
		E4F0D2142D25774B00017BAA /* JSONLoader */ = {
			isa = PBXGroup;
			children = (
				E4F0D2152D25775C00017BAA /* JSONLoader.swift */,
			);
			path = JSONLoader;
			sourceTree = "<group>";
		};
/* End PBXGroup section */

/* Begin PBXNativeTarget section */
		E47090722D22FF48005C3F43 /* ParkAround */ = {
			isa = PBXNativeTarget;
			buildConfigurationList = E47090972D22FF4B005C3F43 /* Build configuration list for PBXNativeTarget "ParkAround" */;
			buildPhases = (
				E470906F2D22FF48005C3F43 /* Sources */,
				E47090702D22FF48005C3F43 /* Frameworks */,
				E47090712D22FF48005C3F43 /* Resources */,
			);
			buildRules = (
			);
			dependencies = (
			);
			name = ParkAround;
			productName = ParkAround;
			productReference = E47090732D22FF48005C3F43 /* ParkAround.app */;
			productType = "com.apple.product-type.application";
		};
		E47090822D22FF4A005C3F43 /* ParkAroundTests */ = {
			isa = PBXNativeTarget;
			buildConfigurationList = E470909A2D22FF4B005C3F43 /* Build configuration list for PBXNativeTarget "ParkAroundTests" */;
			buildPhases = (
				E470907F2D22FF4A005C3F43 /* Sources */,
				E47090802D22FF4A005C3F43 /* Frameworks */,
				E47090812D22FF4A005C3F43 /* Resources */,
			);
			buildRules = (
			);
			dependencies = (
				E47090852D22FF4A005C3F43 /* PBXTargetDependency */,
			);
			name = ParkAroundTests;
			productName = ParkAroundTests;
			productReference = E47090832D22FF4A005C3F43 /* ParkAroundTests.xctest */;
			productType = "com.apple.product-type.bundle.unit-test";
		};
		E470908C2D22FF4A005C3F43 /* ParkAroundUITests */ = {
			isa = PBXNativeTarget;
			buildConfigurationList = E470909D2D22FF4B005C3F43 /* Build configuration list for PBXNativeTarget "ParkAroundUITests" */;
			buildPhases = (
				E47090892D22FF4A005C3F43 /* Sources */,
				E470908A2D22FF4A005C3F43 /* Frameworks */,
				E470908B2D22FF4A005C3F43 /* Resources */,
			);
			buildRules = (
			);
			dependencies = (
				E470908F2D22FF4A005C3F43 /* PBXTargetDependency */,
			);
			name = ParkAroundUITests;
			productName = ParkAroundUITests;
			productReference = E470908D2D22FF4A005C3F43 /* ParkAroundUITests.xctest */;
			productType = "com.apple.product-type.bundle.ui-testing";
		};
/* End PBXNativeTarget section */

/* Begin PBXProject section */
		E470906B2D22FF48005C3F43 /* Project object */ = {
			isa = PBXProject;
			attributes = {
				BuildIndependentTargetsInParallel = 1;
				LastSwiftUpdateCheck = 1500;
				LastUpgradeCheck = 1500;
				TargetAttributes = {
					E47090722D22FF48005C3F43 = {
						CreatedOnToolsVersion = 15.0.1;
					};
					E47090822D22FF4A005C3F43 = {
						CreatedOnToolsVersion = 15.0.1;
						TestTargetID = E47090722D22FF48005C3F43;
					};
					E470908C2D22FF4A005C3F43 = {
						CreatedOnToolsVersion = 15.0.1;
						TestTargetID = E47090722D22FF48005C3F43;
					};
				};
			};
			buildConfigurationList = E470906E2D22FF48005C3F43 /* Build configuration list for PBXProject "ParkAround" */;
			compatibilityVersion = "Xcode 14.0";
			developmentRegion = en;
			hasScannedForEncodings = 0;
			knownRegions = (
				en,
				Base,
			);
			mainGroup = E470906A2D22FF48005C3F43;
			productRefGroup = E47090742D22FF48005C3F43 /* Products */;
			projectDirPath = "";
			projectRoot = "";
			targets = (
				E47090722D22FF48005C3F43 /* ParkAround */,
				E47090822D22FF4A005C3F43 /* ParkAroundTests */,
				E470908C2D22FF4A005C3F43 /* ParkAroundUITests */,
			);
		};
/* End PBXProject section */

/* Begin PBXResourcesBuildPhase section */
		E47090712D22FF48005C3F43 /* Resources */ = {
			isa = PBXResourcesBuildPhase;
			buildActionMask = 2147483647;
			files = (
				E470907E2D22FF4A005C3F43 /* Preview Assets.xcassets in Resources */,
				E4F0D2132D25751000017BAA /* MockedParkingSpots.json in Resources */,
				E470907B2D22FF4A005C3F43 /* Assets.xcassets in Resources */,
				E4F0D21C2D257BBC00017BAA /* MockedParkingSpot.json in Resources */,
			);
			runOnlyForDeploymentPostprocessing = 0;
		};
		E47090812D22FF4A005C3F43 /* Resources */ = {
			isa = PBXResourcesBuildPhase;
			buildActionMask = 2147483647;
			files = (
			);
			runOnlyForDeploymentPostprocessing = 0;
		};
		E470908B2D22FF4A005C3F43 /* Resources */ = {
			isa = PBXResourcesBuildPhase;
			buildActionMask = 2147483647;
			files = (
			);
			runOnlyForDeploymentPostprocessing = 0;
		};
/* End PBXResourcesBuildPhase section */

/* Begin PBXSourcesBuildPhase section */
		E470906F2D22FF48005C3F43 /* Sources */ = {
			isa = PBXSourcesBuildPhase;
			buildActionMask = 2147483647;
			files = (
				E470914D2D23F609005C3F43 /* GeoLocation.swift in Sources */,
				E4C4CCBF2D2A6278004EA2FF /* FavoriteParkingsViewModel.swift in Sources */,
				E4C4CC612D29807D004EA2FF /* ParkingDetailsViewModelProtocol.swift in Sources */,
				E42353042D26CA72003E28D8 /* MainView.swift in Sources */,
				E47090D62D2303AF005C3F43 /* HTTPFields.swift in Sources */,
				E47090C52D2302D3005C3F43 /* AppCoordinator.swift in Sources */,
				E4E2CDCD2D25276100ABC583 /* HomeCoordinatorView.swift in Sources */,
				E4F0D2222D2599D800017BAA /* ApplicationServiceProtocol.swift in Sources */,
				E4807A7D2D2AD8E800FA2CC2 /* AlertContent.swift in Sources */,
				E47091282D23B30F005C3F43 /* ParkingServiceSpy.swift in Sources */,
				E4807A762D2ACD7A00FA2CC2 /* AlertManagerMock.swift in Sources */,
				E47091142D23AC4C005C3F43 /* ParkingRepository.swift in Sources */,
				E412AA932D2AB9340082E260 /* MakeRow.swift in Sources */,
				E47090CD2D230346005C3F43 /* LocationManager.swift in Sources */,
				E47090B82D230160005C3F43 /* ApplicationService.swift in Sources */,
				E4C4CCC32D2A66CC004EA2FF /* ParkingDetailsClass.swift in Sources */,
				E4C4CCBB2D2A6023004EA2FF /* FavoriteParking.swift in Sources */,
				E4E2CDE02D253FDD00ABC583 /* ParkingSpotsMapViewModelProtocol.swift in Sources */,
				E47091162D23AC57005C3F43 /* ParkingRepositoryProtocol.swift in Sources */,
				E470914F2D23F63D005C3F43 /* GeoLocationStub.swift in Sources */,
				E4E2CDE82D2559B300ABC583 /* TimerManager.swift in Sources */,
				E470910E2D23A7BB005C3F43 /* NearbyParkingSpotsRequest.swift in Sources */,
				E4E2CDCB2D25275900ABC583 /* HomeCoordinator.swift in Sources */,
				E42353022D26C9FD003E28D8 /* PrimaryButton.swift in Sources */,
				E4C4CC752D29A4DE004EA2FF /* PersistenceController.swift in Sources */,
				E4C4CC6F2D299F09004EA2FF /* ActiveSessionManagerProtocol.swift in Sources */,
				E4C4CC652D298363004EA2FF /* PaymentRepositoryProtocol.swift in Sources */,
				E4807A722D2ACC5000FA2CC2 /* AlertManagerProtocol.swift in Sources */,
				E47091482D23CE05005C3F43 /* ParkingCoordinator.swift in Sources */,
				E47090F22D233779005C3F43 /* ApplicationServiceMock.swift in Sources */,
				E470910C2D239F7B005C3F43 /* ApiRequest.swift in Sources */,
				E4F0D2162D25775C00017BAA /* JSONLoader.swift in Sources */,
				E47091412D23CCDF005C3F43 /* ParkingStatus.swift in Sources */,
				E4F0D2182D2579B400017BAA /* MockedNetworkClient.swift in Sources */,
				E423530A2D27CC97003E28D8 /* ParkingSearchView.swift in Sources */,
				E47091102D23AAE5005C3F43 /* ParkingService.swift in Sources */,
				E4E2CDD02D252ED900ABC583 /* WelcomeView.swift in Sources */,
				E470911E2D23AEBD005C3F43 /* ParkingDetailsMapper.swift in Sources */,
				E4F0D21E2D257CC000017BAA /* ParkingSpotDetailsRequest.swift in Sources */,
				E47090F42D2337CE005C3F43 /* NetworkClientMock.swift in Sources */,
				E47090D82D2303BB005C3F43 /* NetworkError.swift in Sources */,
				E4C4CC632D298356004EA2FF /* PaymentRepository.swift in Sources */,
				E47090E52D2313AD005C3F43 /* DesignTokens.swift in Sources */,
				E47090DA2D2303CB005C3F43 /* NetworkClient.swift in Sources */,
				E42353062D27BE4F003E28D8 /* ParkingDetailsView.swift in Sources */,
				E4E2CDC92D2520F300ABC583 /* Routes.swift in Sources */,
				E412AA8D2D2A90F50082E260 /* LoadingOverlay.swift in Sources */,
				E4E2CDD72D25346C00ABC583 /* LocationDisabledView.swift in Sources */,
				E47091222D23B01C005C3F43 /* ParkingRepositorySpy.swift in Sources */,
				E4E2CDEA2D2559BD00ABC583 /* TimerManagerProtocol.swift in Sources */,
				E47091442D23CD52005C3F43 /* ParkingDetailsStub.swift in Sources */,
				E47091122D23AAF2005C3F43 /* ParkingServiceProtocol.swift in Sources */,
				E4C4CCC12D2A6280004EA2FF /* FavoriteParkingsViewModelProtocol.swift in Sources */,
				E4E2CDD42D252F8100ABC583 /* WelcomeViewModelProtocol.swift in Sources */,
				E412AA902D2AA6B30082E260 /* ParkingDetailsSheetView.swift in Sources */,
				E4C4CC722D29A3A3004EA2FF /* ParkingReservation.swift in Sources */,
				E470910A2D239F00005C3F43 /* APIServiceProtocol.swift in Sources */,
				E4C4CC6D2D299EA9004EA2FF /* ActiveSessionManager.swift in Sources */,
				E4E2CDED2D2559D100ABC583 /* NotificationManager.swift in Sources */,
				E4C4CC772D29A78E004EA2FF /* ReservationsHistoryViewModel.swift in Sources */,
				E47091182D23ACA6005C3F43 /* ParkingDetailsDTO.swift in Sources */,
				E47090F02D232F4F005C3F43 /* LocationManagerMock.swift in Sources */,
				E470913E2D23C888005C3F43 /* APIServiceSpy.swift in Sources */,
				E4C4CC5B2D2929F8004EA2FF /* TimeSlotsView.swift in Sources */,
				E4C4CC572D2918FB004EA2FF /* URLOpenerSpy.swift in Sources */,
				E4E2CDD22D252F7400ABC583 /* WelcomeViewModel.swift in Sources */,
				E4C4CCBD2D2A626C004EA2FF /* FavoriteParkingsView.swift in Sources */,
				E47090C32D2302BF005C3F43 /* AppComponent.swift in Sources */,
				E47091202D23AFF8005C3F43 /* ErrorStub.swift in Sources */,
				E4E2CDD92D253C4900ABC583 /* ParkingSpotsMapView.swift in Sources */,
				E4807A742D2ACC5600FA2CC2 /* AlertManager.swift in Sources */,
				E4E2CDEF2D2559DA00ABC583 /* NotificationManagerProtocol.swift in Sources */,
				E4807A7F2D2AD92D00FA2CC2 /* AlertContentStub.swift in Sources */,
				E4C4CC5F2D29806B004EA2FF /* ParkingDetailsViewModel.swift in Sources */,
				E4807A792D2ACE2E00FA2CC2 /* AlertWrapperView.swift in Sources */,
				E47091082D239EF5005C3F43 /* APIService.swift in Sources */,
				E47091242D23B1D7005C3F43 /* ParkingDetailsDTOStub.swift in Sources */,
				E47090FA2D239C42005C3F43 /* Stubable.swift in Sources */,
				E47090772D22FF48005C3F43 /* ParkAroundApp.swift in Sources */,
				E470911B2D23ADF3005C3F43 /* ParkingDetails.swift in Sources */,
				E47090DC2D2303D5005C3F43 /* NetworkClientProtocol.swift in Sources */,
				E47090C72D2302DA005C3F43 /* AppCoordinatorView.swift in Sources */,
				E4C4CC792D29A799004EA2FF /* ReservationsHistoryView.swift in Sources */,
				E4E2CDDE2D253FD500ABC583 /* ParkingSpotsMapViewModel.swift in Sources */,
				E47090D12D23036C005C3F43 /* LocationManagerProtocol.swift in Sources */,
				E4C4CC5D2D293D76004EA2FF /* InlineButton.swift in Sources */,
				E423530D2D282579003E28D8 /* URLOpener.swift in Sources */,
				E4807A812D2ADEFC00FA2CC2 /* NetworkMointor.swift in Sources */,
				E4C4CC7B2D29A7B2004EA2FF /* ReservationsHistoryViewModelProtocol.swift in Sources */,
				E42352FE2D26C99F003E28D8 /* SplashView.swift in Sources */,
			);
			runOnlyForDeploymentPostprocessing = 0;
		};
		E470907F2D22FF4A005C3F43 /* Sources */ = {
			isa = PBXSourcesBuildPhase;
			buildActionMask = 2147483647;
			files = (
				E47091352D23BB74005C3F43 /* ParkingServiceTests.swift in Sources */,
				E470912F2D23B9B1005C3F43 /* ParkingDetailsMapperTests.swift in Sources */,
				E47091322D23BB5D005C3F43 /* ParkingRepositoryTests.swift in Sources */,
				E4E2CDE22D2549EA00ABC583 /* NearbyParkingSpotsRequestTests.swift in Sources */,
				E4807A7B2D2ACFFB00FA2CC2 /* AlertManagerTest.swift in Sources */,
				E47090882D22FF4A005C3F43 /* ParkAroundTests.swift in Sources */,
				E4F0D2202D2588B600017BAA /* ParkingSpotDetailsRequestTests.swift in Sources */,
			);
			runOnlyForDeploymentPostprocessing = 0;
		};
		E47090892D22FF4A005C3F43 /* Sources */ = {
			isa = PBXSourcesBuildPhase;
			buildActionMask = 2147483647;
			files = (
				E47090922D22FF4A005C3F43 /* ParkAroundUITests.swift in Sources */,
				E47090942D22FF4A005C3F43 /* ParkAroundUITestsLaunchTests.swift in Sources */,
			);
			runOnlyForDeploymentPostprocessing = 0;
		};
/* End PBXSourcesBuildPhase section */

/* Begin PBXTargetDependency section */
		E47090852D22FF4A005C3F43 /* PBXTargetDependency */ = {
			isa = PBXTargetDependency;
			target = E47090722D22FF48005C3F43 /* ParkAround */;
			targetProxy = E47090842D22FF4A005C3F43 /* PBXContainerItemProxy */;
		};
		E470908F2D22FF4A005C3F43 /* PBXTargetDependency */ = {
			isa = PBXTargetDependency;
			target = E47090722D22FF48005C3F43 /* ParkAround */;
			targetProxy = E470908E2D22FF4A005C3F43 /* PBXContainerItemProxy */;
		};
/* End PBXTargetDependency section */

/* Begin XCBuildConfiguration section */
		E47090952D22FF4B005C3F43 /* Debug */ = {
			isa = XCBuildConfiguration;
			buildSettings = {
				ALWAYS_SEARCH_USER_PATHS = NO;
				ASSETCATALOG_COMPILER_GENERATE_SWIFT_ASSET_SYMBOL_EXTENSIONS = YES;
				CLANG_ANALYZER_NONNULL = YES;
				CLANG_ANALYZER_NUMBER_OBJECT_CONVERSION = YES_AGGRESSIVE;
				CLANG_CXX_LANGUAGE_STANDARD = "gnu++20";
				CLANG_ENABLE_MODULES = YES;
				CLANG_ENABLE_OBJC_ARC = YES;
				CLANG_ENABLE_OBJC_WEAK = YES;
				CLANG_WARN_BLOCK_CAPTURE_AUTORELEASING = YES;
				CLANG_WARN_BOOL_CONVERSION = YES;
				CLANG_WARN_COMMA = YES;
				CLANG_WARN_CONSTANT_CONVERSION = YES;
				CLANG_WARN_DEPRECATED_OBJC_IMPLEMENTATIONS = YES;
				CLANG_WARN_DIRECT_OBJC_ISA_USAGE = YES_ERROR;
				CLANG_WARN_DOCUMENTATION_COMMENTS = YES;
				CLANG_WARN_EMPTY_BODY = YES;
				CLANG_WARN_ENUM_CONVERSION = YES;
				CLANG_WARN_INFINITE_RECURSION = YES;
				CLANG_WARN_INT_CONVERSION = YES;
				CLANG_WARN_NON_LITERAL_NULL_CONVERSION = YES;
				CLANG_WARN_OBJC_IMPLICIT_RETAIN_SELF = YES;
				CLANG_WARN_OBJC_LITERAL_CONVERSION = YES;
				CLANG_WARN_OBJC_ROOT_CLASS = YES_ERROR;
				CLANG_WARN_QUOTED_INCLUDE_IN_FRAMEWORK_HEADER = YES;
				CLANG_WARN_RANGE_LOOP_ANALYSIS = YES;
				CLANG_WARN_STRICT_PROTOTYPES = YES;
				CLANG_WARN_SUSPICIOUS_MOVE = YES;
				CLANG_WARN_UNGUARDED_AVAILABILITY = YES_AGGRESSIVE;
				CLANG_WARN_UNREACHABLE_CODE = YES;
				CLANG_WARN__DUPLICATE_METHOD_MATCH = YES;
				COPY_PHASE_STRIP = NO;
				DEBUG_INFORMATION_FORMAT = dwarf;
				ENABLE_STRICT_OBJC_MSGSEND = YES;
				ENABLE_TESTABILITY = YES;
				ENABLE_USER_SCRIPT_SANDBOXING = YES;
				GCC_C_LANGUAGE_STANDARD = gnu17;
				GCC_DYNAMIC_NO_PIC = NO;
				GCC_NO_COMMON_BLOCKS = YES;
				GCC_OPTIMIZATION_LEVEL = 0;
				GCC_PREPROCESSOR_DEFINITIONS = (
					"DEBUG=1",
					"$(inherited)",
				);
				GCC_WARN_64_TO_32_BIT_CONVERSION = YES;
				GCC_WARN_ABOUT_RETURN_TYPE = YES_ERROR;
				GCC_WARN_UNDECLARED_SELECTOR = YES;
				GCC_WARN_UNINITIALIZED_AUTOS = YES_AGGRESSIVE;
				GCC_WARN_UNUSED_FUNCTION = YES;
				GCC_WARN_UNUSED_VARIABLE = YES;
				IPHONEOS_DEPLOYMENT_TARGET = 17.0;
				LOCALIZATION_PREFERS_STRING_CATALOGS = YES;
				MTL_ENABLE_DEBUG_INFO = INCLUDE_SOURCE;
				MTL_FAST_MATH = YES;
				ONLY_ACTIVE_ARCH = YES;
				SDKROOT = iphoneos;
				SWIFT_ACTIVE_COMPILATION_CONDITIONS = "DEBUG $(inherited)";
				SWIFT_OPTIMIZATION_LEVEL = "-Onone";
			};
			name = Debug;
		};
		E47090962D22FF4B005C3F43 /* Release */ = {
			isa = XCBuildConfiguration;
			buildSettings = {
				ALWAYS_SEARCH_USER_PATHS = NO;
				ASSETCATALOG_COMPILER_GENERATE_SWIFT_ASSET_SYMBOL_EXTENSIONS = YES;
				CLANG_ANALYZER_NONNULL = YES;
				CLANG_ANALYZER_NUMBER_OBJECT_CONVERSION = YES_AGGRESSIVE;
				CLANG_CXX_LANGUAGE_STANDARD = "gnu++20";
				CLANG_ENABLE_MODULES = YES;
				CLANG_ENABLE_OBJC_ARC = YES;
				CLANG_ENABLE_OBJC_WEAK = YES;
				CLANG_WARN_BLOCK_CAPTURE_AUTORELEASING = YES;
				CLANG_WARN_BOOL_CONVERSION = YES;
				CLANG_WARN_COMMA = YES;
				CLANG_WARN_CONSTANT_CONVERSION = YES;
				CLANG_WARN_DEPRECATED_OBJC_IMPLEMENTATIONS = YES;
				CLANG_WARN_DIRECT_OBJC_ISA_USAGE = YES_ERROR;
				CLANG_WARN_DOCUMENTATION_COMMENTS = YES;
				CLANG_WARN_EMPTY_BODY = YES;
				CLANG_WARN_ENUM_CONVERSION = YES;
				CLANG_WARN_INFINITE_RECURSION = YES;
				CLANG_WARN_INT_CONVERSION = YES;
				CLANG_WARN_NON_LITERAL_NULL_CONVERSION = YES;
				CLANG_WARN_OBJC_IMPLICIT_RETAIN_SELF = YES;
				CLANG_WARN_OBJC_LITERAL_CONVERSION = YES;
				CLANG_WARN_OBJC_ROOT_CLASS = YES_ERROR;
				CLANG_WARN_QUOTED_INCLUDE_IN_FRAMEWORK_HEADER = YES;
				CLANG_WARN_RANGE_LOOP_ANALYSIS = YES;
				CLANG_WARN_STRICT_PROTOTYPES = YES;
				CLANG_WARN_SUSPICIOUS_MOVE = YES;
				CLANG_WARN_UNGUARDED_AVAILABILITY = YES_AGGRESSIVE;
				CLANG_WARN_UNREACHABLE_CODE = YES;
				CLANG_WARN__DUPLICATE_METHOD_MATCH = YES;
				COPY_PHASE_STRIP = NO;
				DEBUG_INFORMATION_FORMAT = "dwarf-with-dsym";
				ENABLE_NS_ASSERTIONS = NO;
				ENABLE_STRICT_OBJC_MSGSEND = YES;
				ENABLE_USER_SCRIPT_SANDBOXING = YES;
				GCC_C_LANGUAGE_STANDARD = gnu17;
				GCC_NO_COMMON_BLOCKS = YES;
				GCC_WARN_64_TO_32_BIT_CONVERSION = YES;
				GCC_WARN_ABOUT_RETURN_TYPE = YES_ERROR;
				GCC_WARN_UNDECLARED_SELECTOR = YES;
				GCC_WARN_UNINITIALIZED_AUTOS = YES_AGGRESSIVE;
				GCC_WARN_UNUSED_FUNCTION = YES;
				GCC_WARN_UNUSED_VARIABLE = YES;
				IPHONEOS_DEPLOYMENT_TARGET = 17.0;
				LOCALIZATION_PREFERS_STRING_CATALOGS = YES;
				MTL_ENABLE_DEBUG_INFO = NO;
				MTL_FAST_MATH = YES;
				SDKROOT = iphoneos;
				SWIFT_COMPILATION_MODE = wholemodule;
				VALIDATE_PRODUCT = YES;
			};
			name = Release;
		};
		E47090982D22FF4B005C3F43 /* Debug */ = {
			isa = XCBuildConfiguration;
			buildSettings = {
				ASSETCATALOG_COMPILER_APPICON_NAME = AppIcon;
				ASSETCATALOG_COMPILER_GLOBAL_ACCENT_COLOR_NAME = AccentColor;
				CODE_SIGN_STYLE = Automatic;
				CURRENT_PROJECT_VERSION = 1;
				DEVELOPMENT_ASSET_PATHS = "\"ParkAround/Preview Content\"";
				DEVELOPMENT_TEAM = 558X4RCVR9;
				ENABLE_PREVIEWS = YES;
				GENERATE_INFOPLIST_FILE = YES;
				INFOPLIST_KEY_NSLocationWhenInUseUsageDescription = "We need accessing you location to show nearby parking spots";
				INFOPLIST_KEY_UIApplicationSceneManifest_Generation = YES;
				INFOPLIST_KEY_UIApplicationSupportsIndirectInputEvents = YES;
				INFOPLIST_KEY_UILaunchScreen_Generation = YES;
				INFOPLIST_KEY_UISupportedInterfaceOrientations_iPad = "UIInterfaceOrientationPortrait UIInterfaceOrientationPortraitUpsideDown UIInterfaceOrientationLandscapeLeft UIInterfaceOrientationLandscapeRight";
				INFOPLIST_KEY_UISupportedInterfaceOrientations_iPhone = "UIInterfaceOrientationPortrait UIInterfaceOrientationLandscapeLeft UIInterfaceOrientationLandscapeRight";
				LD_RUNPATH_SEARCH_PATHS = (
					"$(inherited)",
					"@executable_path/Frameworks",
				);
				MARKETING_VERSION = 1.0;
				PRODUCT_BUNDLE_IDENTIFIER = com.dalal.ios.ParkAround;
				PRODUCT_NAME = "$(TARGET_NAME)";
				SWIFT_EMIT_LOC_STRINGS = YES;
				SWIFT_VERSION = 5.0;
				TARGETED_DEVICE_FAMILY = "1,2";
			};
			name = Debug;
		};
		E47090992D22FF4B005C3F43 /* Release */ = {
			isa = XCBuildConfiguration;
			buildSettings = {
				ASSETCATALOG_COMPILER_APPICON_NAME = AppIcon;
				ASSETCATALOG_COMPILER_GLOBAL_ACCENT_COLOR_NAME = AccentColor;
				CODE_SIGN_STYLE = Automatic;
				CURRENT_PROJECT_VERSION = 1;
				DEVELOPMENT_ASSET_PATHS = "\"ParkAround/Preview Content\"";
				DEVELOPMENT_TEAM = 558X4RCVR9;
				ENABLE_PREVIEWS = YES;
				GENERATE_INFOPLIST_FILE = YES;
				INFOPLIST_KEY_NSLocationWhenInUseUsageDescription = "We need accessing you location to show nearby parking spots";
				INFOPLIST_KEY_UIApplicationSceneManifest_Generation = YES;
				INFOPLIST_KEY_UIApplicationSupportsIndirectInputEvents = YES;
				INFOPLIST_KEY_UILaunchScreen_Generation = YES;
				INFOPLIST_KEY_UISupportedInterfaceOrientations_iPad = "UIInterfaceOrientationPortrait UIInterfaceOrientationPortraitUpsideDown UIInterfaceOrientationLandscapeLeft UIInterfaceOrientationLandscapeRight";
				INFOPLIST_KEY_UISupportedInterfaceOrientations_iPhone = "UIInterfaceOrientationPortrait UIInterfaceOrientationLandscapeLeft UIInterfaceOrientationLandscapeRight";
				LD_RUNPATH_SEARCH_PATHS = (
					"$(inherited)",
					"@executable_path/Frameworks",
				);
				MARKETING_VERSION = 1.0;
				PRODUCT_BUNDLE_IDENTIFIER = com.dalal.ios.ParkAround;
				PRODUCT_NAME = "$(TARGET_NAME)";
				SWIFT_EMIT_LOC_STRINGS = YES;
				SWIFT_VERSION = 5.0;
				TARGETED_DEVICE_FAMILY = "1,2";
			};
			name = Release;
		};
		E470909B2D22FF4B005C3F43 /* Debug */ = {
			isa = XCBuildConfiguration;
			buildSettings = {
				ALWAYS_EMBED_SWIFT_STANDARD_LIBRARIES = YES;
				BUNDLE_LOADER = "$(TEST_HOST)";
				CODE_SIGN_STYLE = Automatic;
				CURRENT_PROJECT_VERSION = 1;
				DEVELOPMENT_TEAM = 558X4RCVR9;
				GENERATE_INFOPLIST_FILE = YES;
				IPHONEOS_DEPLOYMENT_TARGET = 17.0;
				MARKETING_VERSION = 1.0;
				PRODUCT_BUNDLE_IDENTIFIER = com.dalal.ios.ParkAroundTests;
				PRODUCT_NAME = "$(TARGET_NAME)";
				SWIFT_EMIT_LOC_STRINGS = NO;
				SWIFT_VERSION = 5.0;
				TARGETED_DEVICE_FAMILY = "1,2";
				TEST_HOST = "$(BUILT_PRODUCTS_DIR)/ParkAround.app/$(BUNDLE_EXECUTABLE_FOLDER_PATH)/ParkAround";
			};
			name = Debug;
		};
		E470909C2D22FF4B005C3F43 /* Release */ = {
			isa = XCBuildConfiguration;
			buildSettings = {
				ALWAYS_EMBED_SWIFT_STANDARD_LIBRARIES = YES;
				BUNDLE_LOADER = "$(TEST_HOST)";
				CODE_SIGN_STYLE = Automatic;
				CURRENT_PROJECT_VERSION = 1;
				DEVELOPMENT_TEAM = 558X4RCVR9;
				GENERATE_INFOPLIST_FILE = YES;
				IPHONEOS_DEPLOYMENT_TARGET = 17.0;
				MARKETING_VERSION = 1.0;
				PRODUCT_BUNDLE_IDENTIFIER = com.dalal.ios.ParkAroundTests;
				PRODUCT_NAME = "$(TARGET_NAME)";
				SWIFT_EMIT_LOC_STRINGS = NO;
				SWIFT_VERSION = 5.0;
				TARGETED_DEVICE_FAMILY = "1,2";
				TEST_HOST = "$(BUILT_PRODUCTS_DIR)/ParkAround.app/$(BUNDLE_EXECUTABLE_FOLDER_PATH)/ParkAround";
			};
			name = Release;
		};
		E470909E2D22FF4B005C3F43 /* Debug */ = {
			isa = XCBuildConfiguration;
			buildSettings = {
				ALWAYS_EMBED_SWIFT_STANDARD_LIBRARIES = YES;
				CODE_SIGN_STYLE = Automatic;
				CURRENT_PROJECT_VERSION = 1;
				DEVELOPMENT_TEAM = 558X4RCVR9;
				GENERATE_INFOPLIST_FILE = YES;
				MARKETING_VERSION = 1.0;
				PRODUCT_BUNDLE_IDENTIFIER = com.dalal.ios.ParkAroundUITests;
				PRODUCT_NAME = "$(TARGET_NAME)";
				SWIFT_EMIT_LOC_STRINGS = NO;
				SWIFT_VERSION = 5.0;
				TARGETED_DEVICE_FAMILY = "1,2";
				TEST_TARGET_NAME = ParkAround;
			};
			name = Debug;
		};
		E470909F2D22FF4B005C3F43 /* Release */ = {
			isa = XCBuildConfiguration;
			buildSettings = {
				ALWAYS_EMBED_SWIFT_STANDARD_LIBRARIES = YES;
				CODE_SIGN_STYLE = Automatic;
				CURRENT_PROJECT_VERSION = 1;
				DEVELOPMENT_TEAM = 558X4RCVR9;
				GENERATE_INFOPLIST_FILE = YES;
				MARKETING_VERSION = 1.0;
				PRODUCT_BUNDLE_IDENTIFIER = com.dalal.ios.ParkAroundUITests;
				PRODUCT_NAME = "$(TARGET_NAME)";
				SWIFT_EMIT_LOC_STRINGS = NO;
				SWIFT_VERSION = 5.0;
				TARGETED_DEVICE_FAMILY = "1,2";
				TEST_TARGET_NAME = ParkAround;
			};
			name = Release;
		};
/* End XCBuildConfiguration section */

/* Begin XCConfigurationList section */
		E470906E2D22FF48005C3F43 /* Build configuration list for PBXProject "ParkAround" */ = {
			isa = XCConfigurationList;
			buildConfigurations = (
				E47090952D22FF4B005C3F43 /* Debug */,
				E47090962D22FF4B005C3F43 /* Release */,
			);
			defaultConfigurationIsVisible = 0;
			defaultConfigurationName = Release;
		};
		E47090972D22FF4B005C3F43 /* Build configuration list for PBXNativeTarget "ParkAround" */ = {
			isa = XCConfigurationList;
			buildConfigurations = (
				E47090982D22FF4B005C3F43 /* Debug */,
				E47090992D22FF4B005C3F43 /* Release */,
			);
			defaultConfigurationIsVisible = 0;
			defaultConfigurationName = Release;
		};
		E470909A2D22FF4B005C3F43 /* Build configuration list for PBXNativeTarget "ParkAroundTests" */ = {
			isa = XCConfigurationList;
			buildConfigurations = (
				E470909B2D22FF4B005C3F43 /* Debug */,
				E470909C2D22FF4B005C3F43 /* Release */,
			);
			defaultConfigurationIsVisible = 0;
			defaultConfigurationName = Release;
		};
		E470909D2D22FF4B005C3F43 /* Build configuration list for PBXNativeTarget "ParkAroundUITests" */ = {
			isa = XCConfigurationList;
			buildConfigurations = (
				E470909E2D22FF4B005C3F43 /* Debug */,
				E470909F2D22FF4B005C3F43 /* Release */,
			);
			defaultConfigurationIsVisible = 0;
			defaultConfigurationName = Release;
		};
/* End XCConfigurationList section */
	};
	rootObject = E470906B2D22FF48005C3F43 /* Project object */;
}
